PODS:
  - Alamofire (4.6.0)
  - Reveal-SDK (4)

DEPENDENCIES:
  - Alamofire (~> 4.6.0)
  - Reveal-SDK (~> 4.0)

SPEC CHECKSUMS:
  Alamofire: f41a599bd63041760b26d393ec1069d9d7b917f4
  Reveal-SDK: 178c927f1a3230648d3a92b96f6e730a35b2750a

PODFILE CHECKSUM: 30d44fd90805d714ec657eee9e31811c31c032bc

COCOAPODS: 1.3.1
