PODS:
  - CocoaDebug (1.7.2)
  - Reveal-SDK (24)

DEPENDENCIES:
  - CocoaDebug (from `../../CocoaDebug`)
  - Reveal-SDK (= 24)

SPEC REPOS:
  trunk:
    - Reveal-SDK

EXTERNAL SOURCES:
  CocoaDebug:
    :path: "../../CocoaDebug"

SPEC CHECKSUMS:
  CocoaDebug: 61cf93ada6ce8f3407507dc01f9b874d91ac1d5c
  Reveal-SDK: 5d7e56b8f018c0a88b3a2c10bf68d598bbd3b071

PODFILE CHECKSUM: c0c04c322ce8c10aa971b65b9fd114d527f83173

COCOAPODS: 1.10.2
