PODS:
  - CocoaDebug (1.7.1)
  - Reveal-SDK (24)

DEPENDENCIES:
  - CocoaDebug (from `../../CocoaDebug`)
  - Reveal-SDK (= 24)

SPEC REPOS:
  trunk:
    - Reveal-SDK

EXTERNAL SOURCES:
  CocoaDebug:
    :path: "../../CocoaDebug"

SPEC CHECKSUMS:
  CocoaDebug: a3208985dddec23f0aae2c29b91866e0667834e3
  Reveal-SDK: 5d7e56b8f018c0a88b3a2c10bf68d598bbd3b071

PODFILE CHECKSUM: c0c04c322ce8c10aa971b65b9fd114d527f83173

COCOAPODS: 1.10.2
