// !$*UTF8*$!
{
	archiveVersion = 1;
	classes = {
	};
	objectVersion = 51;
	objects = {

/* Begin PBXBuildFile section */
		3813B08B24E23F0A009626CC /* AppDelegate.swift in Sources */ = {isa = PBXBuildFile; fileRef = 3813B08A24E23F0A009626CC /* AppDelegate.swift */; };
		3813B08D24E23F0A009626CC /* SceneDelegate.swift in Sources */ = {isa = PBXBuildFile; fileRef = 3813B08C24E23F0A009626CC /* SceneDelegate.swift */; };
		3813B08F24E23F0A009626CC /* ViewController.swift in Sources */ = {isa = PBXBuildFile; fileRef = 3813B08E24E23F0A009626CC /* ViewController.swift */; };
		3813B09224E23F0A009626CC /* Main.storyboard in Resources */ = {isa = PBXBuildFile; fileRef = 3813B09024E23F0A009626CC /* Main.storyboard */; };
		3813B09424E23F0B009626CC /* Assets.xcassets in Resources */ = {isa = PBXBuildFile; fileRef = 3813B09324E23F0B009626CC /* Assets.xcassets */; };
		3813B09724E23F0B009626CC /* LaunchScreen.storyboard in Resources */ = {isa = PBXBuildFile; fileRef = 3813B09524E23F0B009626CC /* LaunchScreen.storyboard */; };
		382A92F124F0D6CD002361D5 /* TestController.swift in Sources */ = {isa = PBXBuildFile; fileRef = 382A92F024F0D6CD002361D5 /* TestController.swift */; };
		389E6D9724E246E8003CB9BE /* index.html in Resources */ = {isa = PBXBuildFile; fileRef = 389E6D9524E246E8003CB9BE /* index.html */; };
		389E6D9824E246E8003CB9BE /* index2.html in Resources */ = {isa = PBXBuildFile; fileRef = 389E6D9624E246E8003CB9BE /* index2.html */; };
		389E6D9A24E24700003CB9BE /* WKWebViewTestController.swift in Sources */ = {isa = PBXBuildFile; fileRef = 389E6D9924E24700003CB9BE /* WKWebViewTestController.swift */; };
		389E6E0824E2492B003CB9BE /* TaskDelegate.swift in Sources */ = {isa = PBXBuildFile; fileRef = 389E6DA424E2492B003CB9BE /* TaskDelegate.swift */; };
		389E6E0924E2492B003CB9BE /* MultipartFormData.swift in Sources */ = {isa = PBXBuildFile; fileRef = 389E6DA524E2492B003CB9BE /* MultipartFormData.swift */; };
		389E6E0A24E2492B003CB9BE /* NetworkReachabilityManager.swift in Sources */ = {isa = PBXBuildFile; fileRef = 389E6DA624E2492B003CB9BE /* NetworkReachabilityManager.swift */; };
		389E6E0B24E2492B003CB9BE /* Timeline.swift in Sources */ = {isa = PBXBuildFile; fileRef = 389E6DA724E2492B003CB9BE /* Timeline.swift */; };
		389E6E0C24E2492B003CB9BE /* DispatchQueue+Alamofire.swift in Sources */ = {isa = PBXBuildFile; fileRef = 389E6DA824E2492B003CB9BE /* DispatchQueue+Alamofire.swift */; };
		389E6E0D24E2492B003CB9BE /* Result.swift in Sources */ = {isa = PBXBuildFile; fileRef = 389E6DA924E2492B003CB9BE /* Result.swift */; };
		389E6E0E24E2492B003CB9BE /* ParameterEncoding.swift in Sources */ = {isa = PBXBuildFile; fileRef = 389E6DAA24E2492B003CB9BE /* ParameterEncoding.swift */; };
		389E6E0F24E2492B003CB9BE /* AFError.swift in Sources */ = {isa = PBXBuildFile; fileRef = 389E6DAB24E2492B003CB9BE /* AFError.swift */; };
		389E6E1024E2492B003CB9BE /* Validation.swift in Sources */ = {isa = PBXBuildFile; fileRef = 389E6DAC24E2492B003CB9BE /* Validation.swift */; };
		389E6E1124E2492B003CB9BE /* Notifications.swift in Sources */ = {isa = PBXBuildFile; fileRef = 389E6DAD24E2492B003CB9BE /* Notifications.swift */; };
		389E6E1224E2492B003CB9BE /* Response.swift in Sources */ = {isa = PBXBuildFile; fileRef = 389E6DAE24E2492B003CB9BE /* Response.swift */; };
		389E6E1324E2492B003CB9BE /* Alamofire.swift in Sources */ = {isa = PBXBuildFile; fileRef = 389E6DAF24E2492B003CB9BE /* Alamofire.swift */; };
		389E6E1424E2492B003CB9BE /* Request.swift in Sources */ = {isa = PBXBuildFile; fileRef = 389E6DB024E2492B003CB9BE /* Request.swift */; };
		389E6E1524E2492B003CB9BE /* SessionManager.swift in Sources */ = {isa = PBXBuildFile; fileRef = 389E6DB124E2492B003CB9BE /* SessionManager.swift */; };
		389E6E1624E2492B003CB9BE /* ResponseSerialization.swift in Sources */ = {isa = PBXBuildFile; fileRef = 389E6DB224E2492B003CB9BE /* ResponseSerialization.swift */; };
		389E6E1724E2492B003CB9BE /* ServerTrustPolicy.swift in Sources */ = {isa = PBXBuildFile; fileRef = 389E6DB324E2492B003CB9BE /* ServerTrustPolicy.swift */; };
		389E6E1824E2492B003CB9BE /* SessionDelegate.swift in Sources */ = {isa = PBXBuildFile; fileRef = 389E6DB424E2492B003CB9BE /* SessionDelegate.swift */; };
		389E6E1924E2492B003CB9BE /* NetworkActivityIndicator.swift in Sources */ = {isa = PBXBuildFile; fileRef = 389E6DB624E2492B003CB9BE /* NetworkActivityIndicator.swift */; };
		389E6E1A24E2492B003CB9BE /* Networking+DELETE.swift in Sources */ = {isa = PBXBuildFile; fileRef = 389E6DB724E2492B003CB9BE /* Networking+DELETE.swift */; };
		389E6E1B24E2492B003CB9BE /* Networking+GET.swift in Sources */ = {isa = PBXBuildFile; fileRef = 389E6DB824E2492B003CB9BE /* Networking+GET.swift */; };
		389E6E1C24E2492B003CB9BE /* Networking+PUT.swift in Sources */ = {isa = PBXBuildFile; fileRef = 389E6DB924E2492B003CB9BE /* Networking+PUT.swift */; };
		389E6E1D24E2492B003CB9BE /* NSFileManager+Helpers.swift in Sources */ = {isa = PBXBuildFile; fileRef = 389E6DBA24E2492B003CB9BE /* NSFileManager+Helpers.swift */; };
		389E6E1E24E2492B003CB9BE /* Networking.swift in Sources */ = {isa = PBXBuildFile; fileRef = 389E6DBB24E2492B003CB9BE /* Networking.swift */; };
		389E6E1F24E2492B003CB9BE /* Dictionary+FormURLEncoded.swift in Sources */ = {isa = PBXBuildFile; fileRef = 389E6DBC24E2492B003CB9BE /* Dictionary+FormURLEncoded.swift */; };
		389E6E2024E2492B003CB9BE /* String+UTF8.swift in Sources */ = {isa = PBXBuildFile; fileRef = 389E6DBD24E2492B003CB9BE /* String+UTF8.swift */; };
		389E6E2124E2492B003CB9BE /* JSON.swift in Sources */ = {isa = PBXBuildFile; fileRef = 389E6DBE24E2492B003CB9BE /* JSON.swift */; };
		389E6E2224E2492B003CB9BE /* NetworkingImage.swift in Sources */ = {isa = PBXBuildFile; fileRef = 389E6DBF24E2492B003CB9BE /* NetworkingImage.swift */; };
		389E6E2324E2492B003CB9BE /* CharacterSet+Encoding.swift in Sources */ = {isa = PBXBuildFile; fileRef = 389E6DC024E2492B003CB9BE /* CharacterSet+Encoding.swift */; };
		389E6E2424E2492B003CB9BE /* Networking+POST.swift in Sources */ = {isa = PBXBuildFile; fileRef = 389E6DC124E2492B003CB9BE /* Networking+POST.swift */; };
		389E6E2524E2492B003CB9BE /* Deprecated.swift in Sources */ = {isa = PBXBuildFile; fileRef = 389E6DC224E2492B003CB9BE /* Deprecated.swift */; };
		389E6E2624E2492B003CB9BE /* Networking+Download.swift in Sources */ = {isa = PBXBuildFile; fileRef = 389E6DC324E2492B003CB9BE /* Networking+Download.swift */; };
		389E6E2724E2492B003CB9BE /* TestCheck.swift in Sources */ = {isa = PBXBuildFile; fileRef = 389E6DC424E2492B003CB9BE /* TestCheck.swift */; };
		389E6E2824E2492B003CB9BE /* FormDataPart.swift in Sources */ = {isa = PBXBuildFile; fileRef = 389E6DC524E2492B003CB9BE /* FormDataPart.swift */; };
		389E6E2924E2492B003CB9BE /* Request2.swift in Sources */ = {isa = PBXBuildFile; fileRef = 389E6DC824E2492B003CB9BE /* Request2.swift */; };
		389E6E2A24E2492B003CB9BE /* StatusCode.swift in Sources */ = {isa = PBXBuildFile; fileRef = 389E6DC924E2492B003CB9BE /* StatusCode.swift */; };
		389E6E2B24E2492B003CB9BE /* Upload.swift in Sources */ = {isa = PBXBuildFile; fileRef = 389E6DCA24E2492B003CB9BE /* Upload.swift */; };
		389E6E2C24E2492B003CB9BE /* HTTPSecurity.swift in Sources */ = {isa = PBXBuildFile; fileRef = 389E6DCB24E2492B003CB9BE /* HTTPSecurity.swift */; };
		389E6E2D24E2492B003CB9BE /* Operation.swift in Sources */ = {isa = PBXBuildFile; fileRef = 389E6DCC24E2492B003CB9BE /* Operation.swift */; };
		389E6E2E24E2492B003CB9BE /* ASIHTTPRequestClient.m in Sources */ = {isa = PBXBuildFile; fileRef = 389E6DCF24E2492B003CB9BE /* ASIHTTPRequestClient.m */; };
		389E6E2F24E2492B003CB9BE /* Reachability.m in Sources */ = {isa = PBXBuildFile; fileRef = 389E6DD124E2492B003CB9BE /* Reachability.m */; };
		389E6E3024E2492B003CB9BE /* ASIDataCompressor.m in Sources */ = {isa = PBXBuildFile; fileRef = 389E6DD424E2492B003CB9BE /* ASIDataCompressor.m */; settings = {COMPILER_FLAGS = "-fno-objc-arc"; }; };
		389E6E3124E2492B003CB9BE /* ASICloudFilesContainerXMLParserDelegate.m in Sources */ = {isa = PBXBuildFile; fileRef = 389E6DD924E2492B003CB9BE /* ASICloudFilesContainerXMLParserDelegate.m */; settings = {COMPILER_FLAGS = "-fno-objc-arc"; }; };
		389E6E3224E2492B003CB9BE /* ASICloudFilesContainerRequest.m in Sources */ = {isa = PBXBuildFile; fileRef = 389E6DDB24E2492B003CB9BE /* ASICloudFilesContainerRequest.m */; settings = {COMPILER_FLAGS = "-fno-objc-arc"; }; };
		389E6E3324E2492B003CB9BE /* ASICloudFilesContainer.m in Sources */ = {isa = PBXBuildFile; fileRef = 389E6DDC24E2492B003CB9BE /* ASICloudFilesContainer.m */; settings = {COMPILER_FLAGS = "-fno-objc-arc"; }; };
		389E6E3424E2492B003CB9BE /* ASICloudFilesCDNRequest.m in Sources */ = {isa = PBXBuildFile; fileRef = 389E6DDD24E2492B003CB9BE /* ASICloudFilesCDNRequest.m */; settings = {COMPILER_FLAGS = "-fno-objc-arc"; }; };
		389E6E3524E2492B003CB9BE /* ASICloudFilesObjectRequest.m in Sources */ = {isa = PBXBuildFile; fileRef = 389E6DDE24E2492B003CB9BE /* ASICloudFilesObjectRequest.m */; settings = {COMPILER_FLAGS = "-fno-objc-arc"; }; };
		389E6E3624E2492B003CB9BE /* ASICloudFilesObject.m in Sources */ = {isa = PBXBuildFile; fileRef = 389E6DE024E2492B003CB9BE /* ASICloudFilesObject.m */; settings = {COMPILER_FLAGS = "-fno-objc-arc"; }; };
		389E6E3724E2492B003CB9BE /* ASICloudFilesRequest.m in Sources */ = {isa = PBXBuildFile; fileRef = 389E6DE324E2492B003CB9BE /* ASICloudFilesRequest.m */; settings = {COMPILER_FLAGS = "-fno-objc-arc"; }; };
		389E6E3824E2492B003CB9BE /* ASIS3Bucket.m in Sources */ = {isa = PBXBuildFile; fileRef = 389E6DE524E2492B003CB9BE /* ASIS3Bucket.m */; settings = {COMPILER_FLAGS = "-fno-objc-arc"; }; };
		389E6E3924E2492B003CB9BE /* ASIS3ServiceRequest.m in Sources */ = {isa = PBXBuildFile; fileRef = 389E6DE624E2492B003CB9BE /* ASIS3ServiceRequest.m */; settings = {COMPILER_FLAGS = "-fno-objc-arc"; }; };
		389E6E3A24E2492B003CB9BE /* ASIS3ObjectRequest.m in Sources */ = {isa = PBXBuildFile; fileRef = 389E6DE724E2492B003CB9BE /* ASIS3ObjectRequest.m */; settings = {COMPILER_FLAGS = "-fno-objc-arc"; }; };
		389E6E3B24E2492B003CB9BE /* ASIS3Request.m in Sources */ = {isa = PBXBuildFile; fileRef = 389E6DE824E2492B003CB9BE /* ASIS3Request.m */; settings = {COMPILER_FLAGS = "-fno-objc-arc"; }; };
		389E6E3C24E2492B003CB9BE /* ASIS3BucketRequest.m in Sources */ = {isa = PBXBuildFile; fileRef = 389E6DE924E2492B003CB9BE /* ASIS3BucketRequest.m */; settings = {COMPILER_FLAGS = "-fno-objc-arc"; }; };
		389E6E3D24E2492B003CB9BE /* ASIS3BucketObject.m in Sources */ = {isa = PBXBuildFile; fileRef = 389E6DF124E2492B003CB9BE /* ASIS3BucketObject.m */; settings = {COMPILER_FLAGS = "-fno-objc-arc"; }; };
		389E6E3E24E2492B003CB9BE /* ASIHTTPRequest.m in Sources */ = {isa = PBXBuildFile; fileRef = 389E6DF224E2492B003CB9BE /* ASIHTTPRequest.m */; settings = {COMPILER_FLAGS = "-fno-objc-arc"; }; };
		389E6E3F24E2492B003CB9BE /* ASIFormDataRequest.m in Sources */ = {isa = PBXBuildFile; fileRef = 389E6DF524E2492B003CB9BE /* ASIFormDataRequest.m */; settings = {COMPILER_FLAGS = "-fno-objc-arc"; }; };
		389E6E4024E2492B003CB9BE /* ASIDataDecompressor.m in Sources */ = {isa = PBXBuildFile; fileRef = 389E6DF724E2492B003CB9BE /* ASIDataDecompressor.m */; settings = {COMPILER_FLAGS = "-fno-objc-arc"; }; };
		389E6E4124E2492B003CB9BE /* ASIAuthenticationDialog.m in Sources */ = {isa = PBXBuildFile; fileRef = 389E6DF824E2492B003CB9BE /* ASIAuthenticationDialog.m */; settings = {COMPILER_FLAGS = "-fno-objc-arc"; }; };
		389E6E4224E2492B003CB9BE /* ASIInputStream.m in Sources */ = {isa = PBXBuildFile; fileRef = 389E6DF924E2492B003CB9BE /* ASIInputStream.m */; settings = {COMPILER_FLAGS = "-fno-objc-arc"; }; };
		389E6E4324E2492B003CB9BE /* ASINetworkQueue.m in Sources */ = {isa = PBXBuildFile; fileRef = 389E6E0024E2492B003CB9BE /* ASINetworkQueue.m */; settings = {COMPILER_FLAGS = "-fno-objc-arc"; }; };
		389E6E4424E2492B003CB9BE /* ASIDownloadCache.m in Sources */ = {isa = PBXBuildFile; fileRef = 389E6E0224E2492B003CB9BE /* ASIDownloadCache.m */; settings = {COMPILER_FLAGS = "-fno-objc-arc"; }; };
		389E6E4524E2492B003CB9BE /* ASIWebPageRequest.m in Sources */ = {isa = PBXBuildFile; fileRef = 389E6E0524E2492B003CB9BE /* ASIWebPageRequest.m */; settings = {COMPILER_FLAGS = "-fno-objc-arc"; }; };
		A10B99277B13B1606E891761 /* Pods_Example_Swift.framework in Frameworks */ = {isa = PBXBuildFile; fileRef = D392E168AB622DFCEB0F6E4B /* Pods_Example_Swift.framework */; };
/* End PBXBuildFile section */

/* Begin PBXFileReference section */
		3424D797DF789B9DC91F450E /* Pods_Example_SwiftTests.framework */ = {isa = PBXFileReference; explicitFileType = wrapper.framework; includeInIndex = 0; path = Pods_Example_SwiftTests.framework; sourceTree = BUILT_PRODUCTS_DIR; };
		3813B08724E23F0A009626CC /* Example_Swift.app */ = {isa = PBXFileReference; explicitFileType = wrapper.application; includeInIndex = 0; path = Example_Swift.app; sourceTree = BUILT_PRODUCTS_DIR; };
		3813B08A24E23F0A009626CC /* AppDelegate.swift */ = {isa = PBXFileReference; lastKnownFileType = sourcecode.swift; path = AppDelegate.swift; sourceTree = "<group>"; };
		3813B08C24E23F0A009626CC /* SceneDelegate.swift */ = {isa = PBXFileReference; lastKnownFileType = sourcecode.swift; path = SceneDelegate.swift; sourceTree = "<group>"; };
		3813B08E24E23F0A009626CC /* ViewController.swift */ = {isa = PBXFileReference; lastKnownFileType = sourcecode.swift; path = ViewController.swift; sourceTree = "<group>"; };
		3813B09124E23F0A009626CC /* Base */ = {isa = PBXFileReference; lastKnownFileType = file.storyboard; name = Base; path = Base.lproj/Main.storyboard; sourceTree = "<group>"; };
		3813B09324E23F0B009626CC /* Assets.xcassets */ = {isa = PBXFileReference; lastKnownFileType = folder.assetcatalog; path = Assets.xcassets; sourceTree = "<group>"; };
		3813B09624E23F0B009626CC /* Base */ = {isa = PBXFileReference; lastKnownFileType = file.storyboard; name = Base; path = Base.lproj/LaunchScreen.storyboard; sourceTree = "<group>"; };
		3813B09824E23F0B009626CC /* Info.plist */ = {isa = PBXFileReference; lastKnownFileType = text.plist.xml; path = Info.plist; sourceTree = "<group>"; };
		382A92F024F0D6CD002361D5 /* TestController.swift */ = {isa = PBXFileReference; lastKnownFileType = sourcecode.swift; path = TestController.swift; sourceTree = "<group>"; };
		389E6D9524E246E8003CB9BE /* index.html */ = {isa = PBXFileReference; fileEncoding = 4; lastKnownFileType = text.html; path = index.html; sourceTree = "<group>"; };
		389E6D9624E246E8003CB9BE /* index2.html */ = {isa = PBXFileReference; fileEncoding = 4; lastKnownFileType = text.html; path = index2.html; sourceTree = "<group>"; };
		389E6D9924E24700003CB9BE /* WKWebViewTestController.swift */ = {isa = PBXFileReference; fileEncoding = 4; lastKnownFileType = sourcecode.swift; path = WKWebViewTestController.swift; sourceTree = "<group>"; };
		389E6D9F24E2490D003CB9BE /* Example_Swift-Bridging-Header.h */ = {isa = PBXFileReference; lastKnownFileType = sourcecode.c.h; path = "Example_Swift-Bridging-Header.h"; sourceTree = "<group>"; };
		389E6DA424E2492B003CB9BE /* TaskDelegate.swift */ = {isa = PBXFileReference; fileEncoding = 4; lastKnownFileType = sourcecode.swift; path = TaskDelegate.swift; sourceTree = "<group>"; };
		389E6DA524E2492B003CB9BE /* MultipartFormData.swift */ = {isa = PBXFileReference; fileEncoding = 4; lastKnownFileType = sourcecode.swift; path = MultipartFormData.swift; sourceTree = "<group>"; };
		389E6DA624E2492B003CB9BE /* NetworkReachabilityManager.swift */ = {isa = PBXFileReference; fileEncoding = 4; lastKnownFileType = sourcecode.swift; path = NetworkReachabilityManager.swift; sourceTree = "<group>"; };
		389E6DA724E2492B003CB9BE /* Timeline.swift */ = {isa = PBXFileReference; fileEncoding = 4; lastKnownFileType = sourcecode.swift; path = Timeline.swift; sourceTree = "<group>"; };
		389E6DA824E2492B003CB9BE /* DispatchQueue+Alamofire.swift */ = {isa = PBXFileReference; fileEncoding = 4; lastKnownFileType = sourcecode.swift; path = "DispatchQueue+Alamofire.swift"; sourceTree = "<group>"; };
		389E6DA924E2492B003CB9BE /* Result.swift */ = {isa = PBXFileReference; fileEncoding = 4; lastKnownFileType = sourcecode.swift; path = Result.swift; sourceTree = "<group>"; };
		389E6DAA24E2492B003CB9BE /* ParameterEncoding.swift */ = {isa = PBXFileReference; fileEncoding = 4; lastKnownFileType = sourcecode.swift; path = ParameterEncoding.swift; sourceTree = "<group>"; };
		389E6DAB24E2492B003CB9BE /* AFError.swift */ = {isa = PBXFileReference; fileEncoding = 4; lastKnownFileType = sourcecode.swift; path = AFError.swift; sourceTree = "<group>"; };
		389E6DAC24E2492B003CB9BE /* Validation.swift */ = {isa = PBXFileReference; fileEncoding = 4; lastKnownFileType = sourcecode.swift; path = Validation.swift; sourceTree = "<group>"; };
		389E6DAD24E2492B003CB9BE /* Notifications.swift */ = {isa = PBXFileReference; fileEncoding = 4; lastKnownFileType = sourcecode.swift; path = Notifications.swift; sourceTree = "<group>"; };
		389E6DAE24E2492B003CB9BE /* Response.swift */ = {isa = PBXFileReference; fileEncoding = 4; lastKnownFileType = sourcecode.swift; path = Response.swift; sourceTree = "<group>"; };
		389E6DAF24E2492B003CB9BE /* Alamofire.swift */ = {isa = PBXFileReference; fileEncoding = 4; lastKnownFileType = sourcecode.swift; path = Alamofire.swift; sourceTree = "<group>"; };
		389E6DB024E2492B003CB9BE /* Request.swift */ = {isa = PBXFileReference; fileEncoding = 4; lastKnownFileType = sourcecode.swift; path = Request.swift; sourceTree = "<group>"; };
		389E6DB124E2492B003CB9BE /* SessionManager.swift */ = {isa = PBXFileReference; fileEncoding = 4; lastKnownFileType = sourcecode.swift; path = SessionManager.swift; sourceTree = "<group>"; };
		389E6DB224E2492B003CB9BE /* ResponseSerialization.swift */ = {isa = PBXFileReference; fileEncoding = 4; lastKnownFileType = sourcecode.swift; path = ResponseSerialization.swift; sourceTree = "<group>"; };
		389E6DB324E2492B003CB9BE /* ServerTrustPolicy.swift */ = {isa = PBXFileReference; fileEncoding = 4; lastKnownFileType = sourcecode.swift; path = ServerTrustPolicy.swift; sourceTree = "<group>"; };
		389E6DB424E2492B003CB9BE /* SessionDelegate.swift */ = {isa = PBXFileReference; fileEncoding = 4; lastKnownFileType = sourcecode.swift; path = SessionDelegate.swift; sourceTree = "<group>"; };
		389E6DB624E2492B003CB9BE /* NetworkActivityIndicator.swift */ = {isa = PBXFileReference; fileEncoding = 4; lastKnownFileType = sourcecode.swift; path = NetworkActivityIndicator.swift; sourceTree = "<group>"; };
		389E6DB724E2492B003CB9BE /* Networking+DELETE.swift */ = {isa = PBXFileReference; fileEncoding = 4; lastKnownFileType = sourcecode.swift; path = "Networking+DELETE.swift"; sourceTree = "<group>"; };
		389E6DB824E2492B003CB9BE /* Networking+GET.swift */ = {isa = PBXFileReference; fileEncoding = 4; lastKnownFileType = sourcecode.swift; path = "Networking+GET.swift"; sourceTree = "<group>"; };
		389E6DB924E2492B003CB9BE /* Networking+PUT.swift */ = {isa = PBXFileReference; fileEncoding = 4; lastKnownFileType = sourcecode.swift; path = "Networking+PUT.swift"; sourceTree = "<group>"; };
		389E6DBA24E2492B003CB9BE /* NSFileManager+Helpers.swift */ = {isa = PBXFileReference; fileEncoding = 4; lastKnownFileType = sourcecode.swift; path = "NSFileManager+Helpers.swift"; sourceTree = "<group>"; };
		389E6DBB24E2492B003CB9BE /* Networking.swift */ = {isa = PBXFileReference; fileEncoding = 4; lastKnownFileType = sourcecode.swift; path = Networking.swift; sourceTree = "<group>"; };
		389E6DBC24E2492B003CB9BE /* Dictionary+FormURLEncoded.swift */ = {isa = PBXFileReference; fileEncoding = 4; lastKnownFileType = sourcecode.swift; path = "Dictionary+FormURLEncoded.swift"; sourceTree = "<group>"; };
		389E6DBD24E2492B003CB9BE /* String+UTF8.swift */ = {isa = PBXFileReference; fileEncoding = 4; lastKnownFileType = sourcecode.swift; path = "String+UTF8.swift"; sourceTree = "<group>"; };
		389E6DBE24E2492B003CB9BE /* JSON.swift */ = {isa = PBXFileReference; fileEncoding = 4; lastKnownFileType = sourcecode.swift; path = JSON.swift; sourceTree = "<group>"; };
		389E6DBF24E2492B003CB9BE /* NetworkingImage.swift */ = {isa = PBXFileReference; fileEncoding = 4; lastKnownFileType = sourcecode.swift; path = NetworkingImage.swift; sourceTree = "<group>"; };
		389E6DC024E2492B003CB9BE /* CharacterSet+Encoding.swift */ = {isa = PBXFileReference; fileEncoding = 4; lastKnownFileType = sourcecode.swift; path = "CharacterSet+Encoding.swift"; sourceTree = "<group>"; };
		389E6DC124E2492B003CB9BE /* Networking+POST.swift */ = {isa = PBXFileReference; fileEncoding = 4; lastKnownFileType = sourcecode.swift; path = "Networking+POST.swift"; sourceTree = "<group>"; };
		389E6DC224E2492B003CB9BE /* Deprecated.swift */ = {isa = PBXFileReference; fileEncoding = 4; lastKnownFileType = sourcecode.swift; path = Deprecated.swift; sourceTree = "<group>"; };
		389E6DC324E2492B003CB9BE /* Networking+Download.swift */ = {isa = PBXFileReference; fileEncoding = 4; lastKnownFileType = sourcecode.swift; path = "Networking+Download.swift"; sourceTree = "<group>"; };
		389E6DC424E2492B003CB9BE /* TestCheck.swift */ = {isa = PBXFileReference; fileEncoding = 4; lastKnownFileType = sourcecode.swift; path = TestCheck.swift; sourceTree = "<group>"; };
		389E6DC524E2492B003CB9BE /* FormDataPart.swift */ = {isa = PBXFileReference; fileEncoding = 4; lastKnownFileType = sourcecode.swift; path = FormDataPart.swift; sourceTree = "<group>"; };
		389E6DC624E2492B003CB9BE /* Networking.h */ = {isa = PBXFileReference; fileEncoding = 4; lastKnownFileType = sourcecode.c.h; path = Networking.h; sourceTree = "<group>"; };
		389E6DC824E2492B003CB9BE /* Request2.swift */ = {isa = PBXFileReference; fileEncoding = 4; lastKnownFileType = sourcecode.swift; path = Request2.swift; sourceTree = "<group>"; };
		389E6DC924E2492B003CB9BE /* StatusCode.swift */ = {isa = PBXFileReference; fileEncoding = 4; lastKnownFileType = sourcecode.swift; path = StatusCode.swift; sourceTree = "<group>"; };
		389E6DCA24E2492B003CB9BE /* Upload.swift */ = {isa = PBXFileReference; fileEncoding = 4; lastKnownFileType = sourcecode.swift; path = Upload.swift; sourceTree = "<group>"; };
		389E6DCB24E2492B003CB9BE /* HTTPSecurity.swift */ = {isa = PBXFileReference; fileEncoding = 4; lastKnownFileType = sourcecode.swift; path = HTTPSecurity.swift; sourceTree = "<group>"; };
		389E6DCC24E2492B003CB9BE /* Operation.swift */ = {isa = PBXFileReference; fileEncoding = 4; lastKnownFileType = sourcecode.swift; path = Operation.swift; sourceTree = "<group>"; };
		389E6DCE24E2492B003CB9BE /* ASIHTTPRequestClient.h */ = {isa = PBXFileReference; fileEncoding = 4; lastKnownFileType = sourcecode.c.h; path = ASIHTTPRequestClient.h; sourceTree = "<group>"; };
		389E6DCF24E2492B003CB9BE /* ASIHTTPRequestClient.m */ = {isa = PBXFileReference; fileEncoding = 4; lastKnownFileType = sourcecode.c.objc; path = ASIHTTPRequestClient.m; sourceTree = "<group>"; };
		389E6DD124E2492B003CB9BE /* Reachability.m */ = {isa = PBXFileReference; fileEncoding = 4; lastKnownFileType = sourcecode.c.objc; path = Reachability.m; sourceTree = "<group>"; };
		389E6DD224E2492B003CB9BE /* Reachability.h */ = {isa = PBXFileReference; fileEncoding = 4; lastKnownFileType = sourcecode.c.h; path = Reachability.h; sourceTree = "<group>"; };
		389E6DD424E2492B003CB9BE /* ASIDataCompressor.m */ = {isa = PBXFileReference; fileEncoding = 4; lastKnownFileType = sourcecode.c.objc; path = ASIDataCompressor.m; sourceTree = "<group>"; };
		389E6DD624E2492B003CB9BE /* ASICloudFilesObjectRequest.h */ = {isa = PBXFileReference; fileEncoding = 4; lastKnownFileType = sourcecode.c.h; path = ASICloudFilesObjectRequest.h; sourceTree = "<group>"; };
		389E6DD724E2492B003CB9BE /* ASICloudFilesCDNRequest.h */ = {isa = PBXFileReference; fileEncoding = 4; lastKnownFileType = sourcecode.c.h; path = ASICloudFilesCDNRequest.h; sourceTree = "<group>"; };
		389E6DD824E2492B003CB9BE /* ASICloudFilesObject.h */ = {isa = PBXFileReference; fileEncoding = 4; lastKnownFileType = sourcecode.c.h; path = ASICloudFilesObject.h; sourceTree = "<group>"; };
		389E6DD924E2492B003CB9BE /* ASICloudFilesContainerXMLParserDelegate.m */ = {isa = PBXFileReference; fileEncoding = 4; lastKnownFileType = sourcecode.c.objc; path = ASICloudFilesContainerXMLParserDelegate.m; sourceTree = "<group>"; };
		389E6DDA24E2492B003CB9BE /* ASICloudFilesRequest.h */ = {isa = PBXFileReference; fileEncoding = 4; lastKnownFileType = sourcecode.c.h; path = ASICloudFilesRequest.h; sourceTree = "<group>"; };
		389E6DDB24E2492B003CB9BE /* ASICloudFilesContainerRequest.m */ = {isa = PBXFileReference; fileEncoding = 4; lastKnownFileType = sourcecode.c.objc; path = ASICloudFilesContainerRequest.m; sourceTree = "<group>"; };
		389E6DDC24E2492B003CB9BE /* ASICloudFilesContainer.m */ = {isa = PBXFileReference; fileEncoding = 4; lastKnownFileType = sourcecode.c.objc; path = ASICloudFilesContainer.m; sourceTree = "<group>"; };
		389E6DDD24E2492B003CB9BE /* ASICloudFilesCDNRequest.m */ = {isa = PBXFileReference; fileEncoding = 4; lastKnownFileType = sourcecode.c.objc; path = ASICloudFilesCDNRequest.m; sourceTree = "<group>"; };
		389E6DDE24E2492B003CB9BE /* ASICloudFilesObjectRequest.m */ = {isa = PBXFileReference; fileEncoding = 4; lastKnownFileType = sourcecode.c.objc; path = ASICloudFilesObjectRequest.m; sourceTree = "<group>"; };
		389E6DDF24E2492B003CB9BE /* ASICloudFilesContainerXMLParserDelegate.h */ = {isa = PBXFileReference; fileEncoding = 4; lastKnownFileType = sourcecode.c.h; path = ASICloudFilesContainerXMLParserDelegate.h; sourceTree = "<group>"; };
		389E6DE024E2492B003CB9BE /* ASICloudFilesObject.m */ = {isa = PBXFileReference; fileEncoding = 4; lastKnownFileType = sourcecode.c.objc; path = ASICloudFilesObject.m; sourceTree = "<group>"; };
		389E6DE124E2492B003CB9BE /* ASICloudFilesContainer.h */ = {isa = PBXFileReference; fileEncoding = 4; lastKnownFileType = sourcecode.c.h; path = ASICloudFilesContainer.h; sourceTree = "<group>"; };
		389E6DE224E2492B003CB9BE /* ASICloudFilesContainerRequest.h */ = {isa = PBXFileReference; fileEncoding = 4; lastKnownFileType = sourcecode.c.h; path = ASICloudFilesContainerRequest.h; sourceTree = "<group>"; };
		389E6DE324E2492B003CB9BE /* ASICloudFilesRequest.m */ = {isa = PBXFileReference; fileEncoding = 4; lastKnownFileType = sourcecode.c.objc; path = ASICloudFilesRequest.m; sourceTree = "<group>"; };
		389E6DE524E2492B003CB9BE /* ASIS3Bucket.m */ = {isa = PBXFileReference; fileEncoding = 4; lastKnownFileType = sourcecode.c.objc; path = ASIS3Bucket.m; sourceTree = "<group>"; };
		389E6DE624E2492B003CB9BE /* ASIS3ServiceRequest.m */ = {isa = PBXFileReference; fileEncoding = 4; lastKnownFileType = sourcecode.c.objc; path = ASIS3ServiceRequest.m; sourceTree = "<group>"; };
		389E6DE724E2492B003CB9BE /* ASIS3ObjectRequest.m */ = {isa = PBXFileReference; fileEncoding = 4; lastKnownFileType = sourcecode.c.objc; path = ASIS3ObjectRequest.m; sourceTree = "<group>"; };
		389E6DE824E2492B003CB9BE /* ASIS3Request.m */ = {isa = PBXFileReference; fileEncoding = 4; lastKnownFileType = sourcecode.c.objc; path = ASIS3Request.m; sourceTree = "<group>"; };
		389E6DE924E2492B003CB9BE /* ASIS3BucketRequest.m */ = {isa = PBXFileReference; fileEncoding = 4; lastKnownFileType = sourcecode.c.objc; path = ASIS3BucketRequest.m; sourceTree = "<group>"; };
		389E6DEA24E2492B003CB9BE /* ASINSXMLParserCompat.h */ = {isa = PBXFileReference; fileEncoding = 4; lastKnownFileType = sourcecode.c.h; path = ASINSXMLParserCompat.h; sourceTree = "<group>"; };
		389E6DEB24E2492B003CB9BE /* ASIS3BucketObject.h */ = {isa = PBXFileReference; fileEncoding = 4; lastKnownFileType = sourcecode.c.h; path = ASIS3BucketObject.h; sourceTree = "<group>"; };
		389E6DEC24E2492B003CB9BE /* ASIS3Bucket.h */ = {isa = PBXFileReference; fileEncoding = 4; lastKnownFileType = sourcecode.c.h; path = ASIS3Bucket.h; sourceTree = "<group>"; };
		389E6DED24E2492B003CB9BE /* ASIS3BucketRequest.h */ = {isa = PBXFileReference; fileEncoding = 4; lastKnownFileType = sourcecode.c.h; path = ASIS3BucketRequest.h; sourceTree = "<group>"; };
		389E6DEE24E2492B003CB9BE /* ASIS3Request.h */ = {isa = PBXFileReference; fileEncoding = 4; lastKnownFileType = sourcecode.c.h; path = ASIS3Request.h; sourceTree = "<group>"; };
		389E6DEF24E2492B003CB9BE /* ASIS3ObjectRequest.h */ = {isa = PBXFileReference; fileEncoding = 4; lastKnownFileType = sourcecode.c.h; path = ASIS3ObjectRequest.h; sourceTree = "<group>"; };
		389E6DF024E2492B003CB9BE /* ASIS3ServiceRequest.h */ = {isa = PBXFileReference; fileEncoding = 4; lastKnownFileType = sourcecode.c.h; path = ASIS3ServiceRequest.h; sourceTree = "<group>"; };
		389E6DF124E2492B003CB9BE /* ASIS3BucketObject.m */ = {isa = PBXFileReference; fileEncoding = 4; lastKnownFileType = sourcecode.c.objc; path = ASIS3BucketObject.m; sourceTree = "<group>"; };
		389E6DF224E2492B003CB9BE /* ASIHTTPRequest.m */ = {isa = PBXFileReference; fileEncoding = 4; lastKnownFileType = sourcecode.c.objc; path = ASIHTTPRequest.m; sourceTree = "<group>"; };
		389E6DF324E2492B003CB9BE /* ASIHTTPRequestDelegate.h */ = {isa = PBXFileReference; fileEncoding = 4; lastKnownFileType = sourcecode.c.h; path = ASIHTTPRequestDelegate.h; sourceTree = "<group>"; };
		389E6DF424E2492B003CB9BE /* ASINetworkQueue.h */ = {isa = PBXFileReference; fileEncoding = 4; lastKnownFileType = sourcecode.c.h; path = ASINetworkQueue.h; sourceTree = "<group>"; };
		389E6DF524E2492B003CB9BE /* ASIFormDataRequest.m */ = {isa = PBXFileReference; fileEncoding = 4; lastKnownFileType = sourcecode.c.objc; path = ASIFormDataRequest.m; sourceTree = "<group>"; };
		389E6DF624E2492B003CB9BE /* ASIHTTPRequestConfig.h */ = {isa = PBXFileReference; fileEncoding = 4; lastKnownFileType = sourcecode.c.h; path = ASIHTTPRequestConfig.h; sourceTree = "<group>"; };
		389E6DF724E2492B003CB9BE /* ASIDataDecompressor.m */ = {isa = PBXFileReference; fileEncoding = 4; lastKnownFileType = sourcecode.c.objc; path = ASIDataDecompressor.m; sourceTree = "<group>"; };
		389E6DF824E2492B003CB9BE /* ASIAuthenticationDialog.m */ = {isa = PBXFileReference; fileEncoding = 4; lastKnownFileType = sourcecode.c.objc; path = ASIAuthenticationDialog.m; sourceTree = "<group>"; };
		389E6DF924E2492B003CB9BE /* ASIInputStream.m */ = {isa = PBXFileReference; fileEncoding = 4; lastKnownFileType = sourcecode.c.objc; path = ASIInputStream.m; sourceTree = "<group>"; };
		389E6DFA24E2492B003CB9BE /* ASIDownloadCache.h */ = {isa = PBXFileReference; fileEncoding = 4; lastKnownFileType = sourcecode.c.h; path = ASIDownloadCache.h; sourceTree = "<group>"; };
		389E6DFB24E2492B003CB9BE /* ASIHTTPRequest.h */ = {isa = PBXFileReference; fileEncoding = 4; lastKnownFileType = sourcecode.c.h; path = ASIHTTPRequest.h; sourceTree = "<group>"; };
		389E6DFC24E2492B003CB9BE /* ASICacheDelegate.h */ = {isa = PBXFileReference; fileEncoding = 4; lastKnownFileType = sourcecode.c.h; path = ASICacheDelegate.h; sourceTree = "<group>"; };
		389E6DFD24E2492B003CB9BE /* ASIDataCompressor.h */ = {isa = PBXFileReference; fileEncoding = 4; lastKnownFileType = sourcecode.c.h; path = ASIDataCompressor.h; sourceTree = "<group>"; };
		389E6DFE24E2492B003CB9BE /* ASIProgressDelegate.h */ = {isa = PBXFileReference; fileEncoding = 4; lastKnownFileType = sourcecode.c.h; path = ASIProgressDelegate.h; sourceTree = "<group>"; };
		389E6DFF24E2492B003CB9BE /* ASIFormDataRequest.h */ = {isa = PBXFileReference; fileEncoding = 4; lastKnownFileType = sourcecode.c.h; path = ASIFormDataRequest.h; sourceTree = "<group>"; };
		389E6E0024E2492B003CB9BE /* ASINetworkQueue.m */ = {isa = PBXFileReference; fileEncoding = 4; lastKnownFileType = sourcecode.c.objc; path = ASINetworkQueue.m; sourceTree = "<group>"; };
		389E6E0124E2492B003CB9BE /* ASIDataDecompressor.h */ = {isa = PBXFileReference; fileEncoding = 4; lastKnownFileType = sourcecode.c.h; path = ASIDataDecompressor.h; sourceTree = "<group>"; };
		389E6E0224E2492B003CB9BE /* ASIDownloadCache.m */ = {isa = PBXFileReference; fileEncoding = 4; lastKnownFileType = sourcecode.c.objc; path = ASIDownloadCache.m; sourceTree = "<group>"; };
		389E6E0324E2492B003CB9BE /* ASIInputStream.h */ = {isa = PBXFileReference; fileEncoding = 4; lastKnownFileType = sourcecode.c.h; path = ASIInputStream.h; sourceTree = "<group>"; };
		389E6E0524E2492B003CB9BE /* ASIWebPageRequest.m */ = {isa = PBXFileReference; fileEncoding = 4; lastKnownFileType = sourcecode.c.objc; path = ASIWebPageRequest.m; sourceTree = "<group>"; };
		389E6E0624E2492B003CB9BE /* ASIWebPageRequest.h */ = {isa = PBXFileReference; fileEncoding = 4; lastKnownFileType = sourcecode.c.h; path = ASIWebPageRequest.h; sourceTree = "<group>"; };
		389E6E0724E2492B003CB9BE /* ASIAuthenticationDialog.h */ = {isa = PBXFileReference; fileEncoding = 4; lastKnownFileType = sourcecode.c.h; path = ASIAuthenticationDialog.h; sourceTree = "<group>"; };
		615C2CACF8E9D7D9E0DB87D5 /* Pods-Example_SwiftTests.release.xcconfig */ = {isa = PBXFileReference; includeInIndex = 1; lastKnownFileType = text.xcconfig; name = "Pods-Example_SwiftTests.release.xcconfig"; path = "Target Support Files/Pods-Example_SwiftTests/Pods-Example_SwiftTests.release.xcconfig"; sourceTree = "<group>"; };
		A35A50416103313D655F2CEF /* Pods-Example_SwiftTests.debug.xcconfig */ = {isa = PBXFileReference; includeInIndex = 1; lastKnownFileType = text.xcconfig; name = "Pods-Example_SwiftTests.debug.xcconfig"; path = "Target Support Files/Pods-Example_SwiftTests/Pods-Example_SwiftTests.debug.xcconfig"; sourceTree = "<group>"; };
		B57A129A482457242093B177 /* Pods-Example_Swift.release.xcconfig */ = {isa = PBXFileReference; includeInIndex = 1; lastKnownFileType = text.xcconfig; name = "Pods-Example_Swift.release.xcconfig"; path = "Target Support Files/Pods-Example_Swift/Pods-Example_Swift.release.xcconfig"; sourceTree = "<group>"; };
		D392E168AB622DFCEB0F6E4B /* Pods_Example_Swift.framework */ = {isa = PBXFileReference; explicitFileType = wrapper.framework; includeInIndex = 0; path = Pods_Example_Swift.framework; sourceTree = BUILT_PRODUCTS_DIR; };
		EE37EEC23B11040BB3B1AF6F /* Pods-Example_Swift.debug.xcconfig */ = {isa = PBXFileReference; includeInIndex = 1; lastKnownFileType = text.xcconfig; name = "Pods-Example_Swift.debug.xcconfig"; path = "Target Support Files/Pods-Example_Swift/Pods-Example_Swift.debug.xcconfig"; sourceTree = "<group>"; };
/* End PBXFileReference section */

/* Begin PBXFrameworksBuildPhase section */
		3813B08424E23F0A009626CC /* Frameworks */ = {
			isa = PBXFrameworksBuildPhase;
			buildActionMask = 2147483647;
			files = (
				A10B99277B13B1606E891761 /* Pods_Example_Swift.framework in Frameworks */,
			);
			runOnlyForDeploymentPostprocessing = 0;
		};
/* End PBXFrameworksBuildPhase section */

/* Begin PBXGroup section */
		3813B07E24E23F0A009626CC = {
			isa = PBXGroup;
			children = (
				389E6DA224E2492B003CB9BE /* Vendor */,
				3813B08924E23F0A009626CC /* Example_Swift */,
				3813B08824E23F0A009626CC /* Products */,
				C05357D4F1BA68AF333DC68D /* Pods */,
				4329C0B75232911E6373EA3B /* Frameworks */,
			);
			sourceTree = "<group>";
		};
		3813B08824E23F0A009626CC /* Products */ = {
			isa = PBXGroup;
			children = (
				3813B08724E23F0A009626CC /* Example_Swift.app */,
			);
			name = Products;
			sourceTree = "<group>";
		};
		3813B08924E23F0A009626CC /* Example_Swift */ = {
			isa = PBXGroup;
			children = (
				3813B08A24E23F0A009626CC /* AppDelegate.swift */,
				3813B08C24E23F0A009626CC /* SceneDelegate.swift */,
				3813B08E24E23F0A009626CC /* ViewController.swift */,
				382A92F024F0D6CD002361D5 /* TestController.swift */,
				389E6D9924E24700003CB9BE /* WKWebViewTestController.swift */,
				3813B09024E23F0A009626CC /* Main.storyboard */,
				3813B09324E23F0B009626CC /* Assets.xcassets */,
				3813B09524E23F0B009626CC /* LaunchScreen.storyboard */,
				3813B09824E23F0B009626CC /* Info.plist */,
				389E6D9524E246E8003CB9BE /* index.html */,
				389E6D9624E246E8003CB9BE /* index2.html */,
				389E6D9F24E2490D003CB9BE /* Example_Swift-Bridging-Header.h */,
			);
			path = Example_Swift;
			sourceTree = "<group>";
		};
		389E6DA224E2492B003CB9BE /* Vendor */ = {
			isa = PBXGroup;
			children = (
				389E6DA324E2492B003CB9BE /* Alamofire */,
				389E6DB524E2492B003CB9BE /* Networking */,
				389E6DC724E2492B003CB9BE /* SwiftHTTP */,
				389E6DCD24E2492B003CB9BE /* Common */,
				389E6DD024E2492B003CB9BE /* Reachability */,
				389E6DD324E2492B003CB9BE /* ASIHTTPRequest */,
			);
			path = Vendor;
			sourceTree = "<group>";
		};
		389E6DA324E2492B003CB9BE /* Alamofire */ = {
			isa = PBXGroup;
			children = (
				389E6DA424E2492B003CB9BE /* TaskDelegate.swift */,
				389E6DA524E2492B003CB9BE /* MultipartFormData.swift */,
				389E6DA624E2492B003CB9BE /* NetworkReachabilityManager.swift */,
				389E6DA724E2492B003CB9BE /* Timeline.swift */,
				389E6DA824E2492B003CB9BE /* DispatchQueue+Alamofire.swift */,
				389E6DA924E2492B003CB9BE /* Result.swift */,
				389E6DAA24E2492B003CB9BE /* ParameterEncoding.swift */,
				389E6DAB24E2492B003CB9BE /* AFError.swift */,
				389E6DAC24E2492B003CB9BE /* Validation.swift */,
				389E6DAD24E2492B003CB9BE /* Notifications.swift */,
				389E6DAE24E2492B003CB9BE /* Response.swift */,
				389E6DAF24E2492B003CB9BE /* Alamofire.swift */,
				389E6DB024E2492B003CB9BE /* Request.swift */,
				389E6DB124E2492B003CB9BE /* SessionManager.swift */,
				389E6DB224E2492B003CB9BE /* ResponseSerialization.swift */,
				389E6DB324E2492B003CB9BE /* ServerTrustPolicy.swift */,
				389E6DB424E2492B003CB9BE /* SessionDelegate.swift */,
			);
			path = Alamofire;
			sourceTree = "<group>";
		};
		389E6DB524E2492B003CB9BE /* Networking */ = {
			isa = PBXGroup;
			children = (
				389E6DB624E2492B003CB9BE /* NetworkActivityIndicator.swift */,
				389E6DB724E2492B003CB9BE /* Networking+DELETE.swift */,
				389E6DB824E2492B003CB9BE /* Networking+GET.swift */,
				389E6DB924E2492B003CB9BE /* Networking+PUT.swift */,
				389E6DBA24E2492B003CB9BE /* NSFileManager+Helpers.swift */,
				389E6DBB24E2492B003CB9BE /* Networking.swift */,
				389E6DBC24E2492B003CB9BE /* Dictionary+FormURLEncoded.swift */,
				389E6DBD24E2492B003CB9BE /* String+UTF8.swift */,
				389E6DBE24E2492B003CB9BE /* JSON.swift */,
				389E6DBF24E2492B003CB9BE /* NetworkingImage.swift */,
				389E6DC024E2492B003CB9BE /* CharacterSet+Encoding.swift */,
				389E6DC124E2492B003CB9BE /* Networking+POST.swift */,
				389E6DC224E2492B003CB9BE /* Deprecated.swift */,
				389E6DC324E2492B003CB9BE /* Networking+Download.swift */,
				389E6DC424E2492B003CB9BE /* TestCheck.swift */,
				389E6DC524E2492B003CB9BE /* FormDataPart.swift */,
				389E6DC624E2492B003CB9BE /* Networking.h */,
			);
			path = Networking;
			sourceTree = "<group>";
		};
		389E6DC724E2492B003CB9BE /* SwiftHTTP */ = {
			isa = PBXGroup;
			children = (
				389E6DC824E2492B003CB9BE /* Request2.swift */,
				389E6DC924E2492B003CB9BE /* StatusCode.swift */,
				389E6DCA24E2492B003CB9BE /* Upload.swift */,
				389E6DCB24E2492B003CB9BE /* HTTPSecurity.swift */,
				389E6DCC24E2492B003CB9BE /* Operation.swift */,
			);
			path = SwiftHTTP;
			sourceTree = "<group>";
		};
		389E6DCD24E2492B003CB9BE /* Common */ = {
			isa = PBXGroup;
			children = (
				389E6DCE24E2492B003CB9BE /* ASIHTTPRequestClient.h */,
				389E6DCF24E2492B003CB9BE /* ASIHTTPRequestClient.m */,
			);
			path = Common;
			sourceTree = "<group>";
		};
		389E6DD024E2492B003CB9BE /* Reachability */ = {
			isa = PBXGroup;
			children = (
				389E6DD124E2492B003CB9BE /* Reachability.m */,
				389E6DD224E2492B003CB9BE /* Reachability.h */,
			);
			path = Reachability;
			sourceTree = "<group>";
		};
		389E6DD324E2492B003CB9BE /* ASIHTTPRequest */ = {
			isa = PBXGroup;
			children = (
				389E6DD424E2492B003CB9BE /* ASIDataCompressor.m */,
				389E6DD524E2492B003CB9BE /* CloudFiles */,
				389E6DE424E2492B003CB9BE /* S3 */,
				389E6DF224E2492B003CB9BE /* ASIHTTPRequest.m */,
				389E6DF324E2492B003CB9BE /* ASIHTTPRequestDelegate.h */,
				389E6DF424E2492B003CB9BE /* ASINetworkQueue.h */,
				389E6DF524E2492B003CB9BE /* ASIFormDataRequest.m */,
				389E6DF624E2492B003CB9BE /* ASIHTTPRequestConfig.h */,
				389E6DF724E2492B003CB9BE /* ASIDataDecompressor.m */,
				389E6DF824E2492B003CB9BE /* ASIAuthenticationDialog.m */,
				389E6DF924E2492B003CB9BE /* ASIInputStream.m */,
				389E6DFA24E2492B003CB9BE /* ASIDownloadCache.h */,
				389E6DFB24E2492B003CB9BE /* ASIHTTPRequest.h */,
				389E6DFC24E2492B003CB9BE /* ASICacheDelegate.h */,
				389E6DFD24E2492B003CB9BE /* ASIDataCompressor.h */,
				389E6DFE24E2492B003CB9BE /* ASIProgressDelegate.h */,
				389E6DFF24E2492B003CB9BE /* ASIFormDataRequest.h */,
				389E6E0024E2492B003CB9BE /* ASINetworkQueue.m */,
				389E6E0124E2492B003CB9BE /* ASIDataDecompressor.h */,
				389E6E0224E2492B003CB9BE /* ASIDownloadCache.m */,
				389E6E0324E2492B003CB9BE /* ASIInputStream.h */,
				389E6E0424E2492B003CB9BE /* ASIWebPageRequest */,
				389E6E0724E2492B003CB9BE /* ASIAuthenticationDialog.h */,
			);
			path = ASIHTTPRequest;
			sourceTree = "<group>";
		};
		389E6DD524E2492B003CB9BE /* CloudFiles */ = {
			isa = PBXGroup;
			children = (
				389E6DD624E2492B003CB9BE /* ASICloudFilesObjectRequest.h */,
				389E6DD724E2492B003CB9BE /* ASICloudFilesCDNRequest.h */,
				389E6DD824E2492B003CB9BE /* ASICloudFilesObject.h */,
				389E6DD924E2492B003CB9BE /* ASICloudFilesContainerXMLParserDelegate.m */,
				389E6DDA24E2492B003CB9BE /* ASICloudFilesRequest.h */,
				389E6DDB24E2492B003CB9BE /* ASICloudFilesContainerRequest.m */,
				389E6DDC24E2492B003CB9BE /* ASICloudFilesContainer.m */,
				389E6DDD24E2492B003CB9BE /* ASICloudFilesCDNRequest.m */,
				389E6DDE24E2492B003CB9BE /* ASICloudFilesObjectRequest.m */,
				389E6DDF24E2492B003CB9BE /* ASICloudFilesContainerXMLParserDelegate.h */,
				389E6DE024E2492B003CB9BE /* ASICloudFilesObject.m */,
				389E6DE124E2492B003CB9BE /* ASICloudFilesContainer.h */,
				389E6DE224E2492B003CB9BE /* ASICloudFilesContainerRequest.h */,
				389E6DE324E2492B003CB9BE /* ASICloudFilesRequest.m */,
			);
			path = CloudFiles;
			sourceTree = "<group>";
		};
		389E6DE424E2492B003CB9BE /* S3 */ = {
			isa = PBXGroup;
			children = (
				389E6DE524E2492B003CB9BE /* ASIS3Bucket.m */,
				389E6DE624E2492B003CB9BE /* ASIS3ServiceRequest.m */,
				389E6DE724E2492B003CB9BE /* ASIS3ObjectRequest.m */,
				389E6DE824E2492B003CB9BE /* ASIS3Request.m */,
				389E6DE924E2492B003CB9BE /* ASIS3BucketRequest.m */,
				389E6DEA24E2492B003CB9BE /* ASINSXMLParserCompat.h */,
				389E6DEB24E2492B003CB9BE /* ASIS3BucketObject.h */,
				389E6DEC24E2492B003CB9BE /* ASIS3Bucket.h */,
				389E6DED24E2492B003CB9BE /* ASIS3BucketRequest.h */,
				389E6DEE24E2492B003CB9BE /* ASIS3Request.h */,
				389E6DEF24E2492B003CB9BE /* ASIS3ObjectRequest.h */,
				389E6DF024E2492B003CB9BE /* ASIS3ServiceRequest.h */,
				389E6DF124E2492B003CB9BE /* ASIS3BucketObject.m */,
			);
			path = S3;
			sourceTree = "<group>";
		};
		389E6E0424E2492B003CB9BE /* ASIWebPageRequest */ = {
			isa = PBXGroup;
			children = (
				389E6E0524E2492B003CB9BE /* ASIWebPageRequest.m */,
				389E6E0624E2492B003CB9BE /* ASIWebPageRequest.h */,
			);
			path = ASIWebPageRequest;
			sourceTree = "<group>";
		};
		4329C0B75232911E6373EA3B /* Frameworks */ = {
			isa = PBXGroup;
			children = (
				3424D797DF789B9DC91F450E /* Pods_Example_SwiftTests.framework */,
				D392E168AB622DFCEB0F6E4B /* Pods_Example_Swift.framework */,
			);
			name = Frameworks;
			sourceTree = "<group>";
		};
		C05357D4F1BA68AF333DC68D /* Pods */ = {
			isa = PBXGroup;
			children = (
				EE37EEC23B11040BB3B1AF6F /* Pods-Example_Swift.debug.xcconfig */,
				B57A129A482457242093B177 /* Pods-Example_Swift.release.xcconfig */,
				A35A50416103313D655F2CEF /* Pods-Example_SwiftTests.debug.xcconfig */,
				615C2CACF8E9D7D9E0DB87D5 /* Pods-Example_SwiftTests.release.xcconfig */,
			);
			path = Pods;
			sourceTree = "<group>";
		};
/* End PBXGroup section */

/* Begin PBXNativeTarget section */
		3813B08624E23F0A009626CC /* Example_Swift */ = {
			isa = PBXNativeTarget;
			buildConfigurationList = 3813B0B124E23F0B009626CC /* Build configuration list for PBXNativeTarget "Example_Swift" */;
			buildPhases = (
				CEDDEA60292F9FD7B1DD8720 /* [CP] Check Pods Manifest.lock */,
				3813B08324E23F0A009626CC /* Sources */,
				3813B08424E23F0A009626CC /* Frameworks */,
				3813B08524E23F0A009626CC /* Resources */,
				0D2DE2DB05D1872A8393EFDE /* [CP] Embed Pods Frameworks */,
			);
			buildRules = (
			);
			dependencies = (
			);
			name = Example_Swift;
			productName = Example_Swift;
			productReference = 3813B08724E23F0A009626CC /* Example_Swift.app */;
			productType = "com.apple.product-type.application";
		};
/* End PBXNativeTarget section */

/* Begin PBXProject section */
		3813B07F24E23F0A009626CC /* Project object */ = {
			isa = PBXProject;
			attributes = {
				LastSwiftUpdateCheck = 1160;
				LastUpgradeCheck = 1220;
				ORGANIZATIONNAME = man;
				TargetAttributes = {
					3813B08624E23F0A009626CC = {
						CreatedOnToolsVersion = 11.6;
						LastSwiftMigration = 1160;
					};
				};
			};
			buildConfigurationList = 3813B08224E23F0A009626CC /* Build configuration list for PBXProject "Example_Swift" */;
			compatibilityVersion = "Xcode 9.3";
			developmentRegion = en;
			hasScannedForEncodings = 0;
			knownRegions = (
				en,
				Base,
			);
			mainGroup = 3813B07E24E23F0A009626CC;
			productRefGroup = 3813B08824E23F0A009626CC /* Products */;
			projectDirPath = "";
			projectRoot = "";
			targets = (
				3813B08624E23F0A009626CC /* Example_Swift */,
			);
		};
/* End PBXProject section */

/* Begin PBXResourcesBuildPhase section */
		3813B08524E23F0A009626CC /* Resources */ = {
			isa = PBXResourcesBuildPhase;
			buildActionMask = 2147483647;
			files = (
				3813B09724E23F0B009626CC /* LaunchScreen.storyboard in Resources */,
				389E6D9724E246E8003CB9BE /* index.html in Resources */,
				3813B09424E23F0B009626CC /* Assets.xcassets in Resources */,
				3813B09224E23F0A009626CC /* Main.storyboard in Resources */,
				389E6D9824E246E8003CB9BE /* index2.html in Resources */,
			);
			runOnlyForDeploymentPostprocessing = 0;
		};
/* End PBXResourcesBuildPhase section */

/* Begin PBXShellScriptBuildPhase section */
		0D2DE2DB05D1872A8393EFDE /* [CP] Embed Pods Frameworks */ = {
			isa = PBXShellScriptBuildPhase;
			buildActionMask = 2147483647;
			files = (
			);
			inputFileListPaths = (
				"${PODS_ROOT}/Target Support Files/Pods-Example_Swift/Pods-Example_Swift-frameworks-${CONFIGURATION}-input-files.xcfilelist",
			);
			name = "[CP] Embed Pods Frameworks";
			outputFileListPaths = (
				"${PODS_ROOT}/Target Support Files/Pods-Example_Swift/Pods-Example_Swift-frameworks-${CONFIGURATION}-output-files.xcfilelist",
			);
			runOnlyForDeploymentPostprocessing = 0;
			shellPath = /bin/sh;
			shellScript = "\"${PODS_ROOT}/Target Support Files/Pods-Example_Swift/Pods-Example_Swift-frameworks.sh\"\n";
			showEnvVarsInLog = 0;
		};
		CEDDEA60292F9FD7B1DD8720 /* [CP] Check Pods Manifest.lock */ = {
			isa = PBXShellScriptBuildPhase;
			buildActionMask = 2147483647;
			files = (
			);
			inputFileListPaths = (
			);
			inputPaths = (
				"${PODS_PODFILE_DIR_PATH}/Podfile.lock",
				"${PODS_ROOT}/Manifest.lock",
			);
			name = "[CP] Check Pods Manifest.lock";
			outputFileListPaths = (
			);
			outputPaths = (
				"$(DERIVED_FILE_DIR)/Pods-Example_Swift-checkManifestLockResult.txt",
			);
			runOnlyForDeploymentPostprocessing = 0;
			shellPath = /bin/sh;
			shellScript = "diff \"${PODS_PODFILE_DIR_PATH}/Podfile.lock\" \"${PODS_ROOT}/Manifest.lock\" > /dev/null\nif [ $? != 0 ] ; then\n    # print error to STDERR\n    echo \"error: The sandbox is not in sync with the Podfile.lock. Run 'pod install' or update your CocoaPods installation.\" >&2\n    exit 1\nfi\n# This output is used by Xcode 'outputs' to avoid re-running this script phase.\necho \"SUCCESS\" > \"${SCRIPT_OUTPUT_FILE_0}\"\n";
			showEnvVarsInLog = 0;
		};
/* End PBXShellScriptBuildPhase section */

/* Begin PBXSourcesBuildPhase section */
		3813B08324E23F0A009626CC /* Sources */ = {
			isa = PBXSourcesBuildPhase;
			buildActionMask = 2147483647;
			files = (
				389E6E0B24E2492B003CB9BE /* Timeline.swift in Sources */,
				389E6E2324E2492B003CB9BE /* CharacterSet+Encoding.swift in Sources */,
				389E6E3C24E2492B003CB9BE /* ASIS3BucketRequest.m in Sources */,
				389E6E1924E2492B003CB9BE /* NetworkActivityIndicator.swift in Sources */,
				389E6E1B24E2492B003CB9BE /* Networking+GET.swift in Sources */,
				389E6E1E24E2492B003CB9BE /* Networking.swift in Sources */,
				389E6E0A24E2492B003CB9BE /* NetworkReachabilityManager.swift in Sources */,
				389E6E3A24E2492B003CB9BE /* ASIS3ObjectRequest.m in Sources */,
				389E6E1524E2492B003CB9BE /* SessionManager.swift in Sources */,
				389E6E0924E2492B003CB9BE /* MultipartFormData.swift in Sources */,
				389E6E0C24E2492B003CB9BE /* DispatchQueue+Alamofire.swift in Sources */,
				389E6E1224E2492B003CB9BE /* Response.swift in Sources */,
				389E6E1824E2492B003CB9BE /* SessionDelegate.swift in Sources */,
				389E6E1024E2492B003CB9BE /* Validation.swift in Sources */,
				389E6E3B24E2492B003CB9BE /* ASIS3Request.m in Sources */,
				389E6E4124E2492B003CB9BE /* ASIAuthenticationDialog.m in Sources */,
				389E6E2924E2492B003CB9BE /* Request2.swift in Sources */,
				389E6E1724E2492B003CB9BE /* ServerTrustPolicy.swift in Sources */,
				389E6E2F24E2492B003CB9BE /* Reachability.m in Sources */,
				389E6E1A24E2492B003CB9BE /* Networking+DELETE.swift in Sources */,
				389E6E2424E2492B003CB9BE /* Networking+POST.swift in Sources */,
				389E6E2824E2492B003CB9BE /* FormDataPart.swift in Sources */,
				389E6E0824E2492B003CB9BE /* TaskDelegate.swift in Sources */,
				389E6E2E24E2492B003CB9BE /* ASIHTTPRequestClient.m in Sources */,
				389E6E2524E2492B003CB9BE /* Deprecated.swift in Sources */,
				389E6E1424E2492B003CB9BE /* Request.swift in Sources */,
				389E6E2624E2492B003CB9BE /* Networking+Download.swift in Sources */,
				389E6E0F24E2492B003CB9BE /* AFError.swift in Sources */,
				389E6E0E24E2492B003CB9BE /* ParameterEncoding.swift in Sources */,
				382A92F124F0D6CD002361D5 /* TestController.swift in Sources */,
				389E6E2C24E2492B003CB9BE /* HTTPSecurity.swift in Sources */,
				389E6E2024E2492B003CB9BE /* String+UTF8.swift in Sources */,
				389E6E4524E2492B003CB9BE /* ASIWebPageRequest.m in Sources */,
				389E6E3124E2492B003CB9BE /* ASICloudFilesContainerXMLParserDelegate.m in Sources */,
				389E6E1124E2492B003CB9BE /* Notifications.swift in Sources */,
				389E6E3724E2492B003CB9BE /* ASICloudFilesRequest.m in Sources */,
				389E6E3324E2492B003CB9BE /* ASICloudFilesContainer.m in Sources */,
				389E6E1324E2492B003CB9BE /* Alamofire.swift in Sources */,
				389E6E3424E2492B003CB9BE /* ASICloudFilesCDNRequest.m in Sources */,
				389E6E4424E2492B003CB9BE /* ASIDownloadCache.m in Sources */,
				389E6E3624E2492B003CB9BE /* ASICloudFilesObject.m in Sources */,
				389E6E2A24E2492B003CB9BE /* StatusCode.swift in Sources */,
				389E6E3D24E2492B003CB9BE /* ASIS3BucketObject.m in Sources */,
				389E6E3024E2492B003CB9BE /* ASIDataCompressor.m in Sources */,
				389E6E4224E2492B003CB9BE /* ASIInputStream.m in Sources */,
				389E6E3824E2492B003CB9BE /* ASIS3Bucket.m in Sources */,
				389E6E2724E2492B003CB9BE /* TestCheck.swift in Sources */,
				389E6E2D24E2492B003CB9BE /* Operation.swift in Sources */,
				3813B08F24E23F0A009626CC /* ViewController.swift in Sources */,
				389E6E2124E2492B003CB9BE /* JSON.swift in Sources */,
				389E6E0D24E2492B003CB9BE /* Result.swift in Sources */,
				3813B08B24E23F0A009626CC /* AppDelegate.swift in Sources */,
				389E6E4024E2492B003CB9BE /* ASIDataDecompressor.m in Sources */,
				389E6E3524E2492B003CB9BE /* ASICloudFilesObjectRequest.m in Sources */,
				389E6E1624E2492B003CB9BE /* ResponseSerialization.swift in Sources */,
				389E6E3924E2492B003CB9BE /* ASIS3ServiceRequest.m in Sources */,
				389E6E2224E2492B003CB9BE /* NetworkingImage.swift in Sources */,
				389E6E1C24E2492B003CB9BE /* Networking+PUT.swift in Sources */,
				389E6E1F24E2492B003CB9BE /* Dictionary+FormURLEncoded.swift in Sources */,
				389E6E4324E2492B003CB9BE /* ASINetworkQueue.m in Sources */,
				389E6E3224E2492B003CB9BE /* ASICloudFilesContainerRequest.m in Sources */,
				389E6E2B24E2492B003CB9BE /* Upload.swift in Sources */,
				389E6E3F24E2492B003CB9BE /* ASIFormDataRequest.m in Sources */,
				3813B08D24E23F0A009626CC /* SceneDelegate.swift in Sources */,
				389E6E3E24E2492B003CB9BE /* ASIHTTPRequest.m in Sources */,
				389E6E1D24E2492B003CB9BE /* NSFileManager+Helpers.swift in Sources */,
				389E6D9A24E24700003CB9BE /* WKWebViewTestController.swift in Sources */,
			);
			runOnlyForDeploymentPostprocessing = 0;
		};
/* End PBXSourcesBuildPhase section */

/* Begin PBXVariantGroup section */
		3813B09024E23F0A009626CC /* Main.storyboard */ = {
			isa = PBXVariantGroup;
			children = (
				3813B09124E23F0A009626CC /* Base */,
			);
			name = Main.storyboard;
			sourceTree = "<group>";
		};
		3813B09524E23F0B009626CC /* LaunchScreen.storyboard */ = {
			isa = PBXVariantGroup;
			children = (
				3813B09624E23F0B009626CC /* Base */,
			);
			name = LaunchScreen.storyboard;
			sourceTree = "<group>";
		};
/* End PBXVariantGroup section */

/* Begin XCBuildConfiguration section */
		3813B0AF24E23F0B009626CC /* Debug */ = {
			isa = XCBuildConfiguration;
			buildSettings = {
				ALWAYS_SEARCH_USER_PATHS = NO;
				CLANG_ANALYZER_NONNULL = YES;
				CLANG_ANALYZER_NUMBER_OBJECT_CONVERSION = YES_AGGRESSIVE;
				CLANG_CXX_LANGUAGE_STANDARD = "gnu++14";
				CLANG_CXX_LIBRARY = "libc++";
				CLANG_ENABLE_MODULES = YES;
				CLANG_ENABLE_OBJC_ARC = YES;
				CLANG_ENABLE_OBJC_WEAK = YES;
				CLANG_WARN_BLOCK_CAPTURE_AUTORELEASING = YES;
				CLANG_WARN_BOOL_CONVERSION = YES;
				CLANG_WARN_COMMA = YES;
				CLANG_WARN_CONSTANT_CONVERSION = YES;
				CLANG_WARN_DEPRECATED_OBJC_IMPLEMENTATIONS = YES;
				CLANG_WARN_DIRECT_OBJC_ISA_USAGE = YES_ERROR;
				CLANG_WARN_DOCUMENTATION_COMMENTS = YES;
				CLANG_WARN_EMPTY_BODY = YES;
				CLANG_WARN_ENUM_CONVERSION = YES;
				CLANG_WARN_INFINITE_RECURSION = YES;
				CLANG_WARN_INT_CONVERSION = YES;
				CLANG_WARN_NON_LITERAL_NULL_CONVERSION = YES;
				CLANG_WARN_OBJC_IMPLICIT_RETAIN_SELF = YES;
				CLANG_WARN_OBJC_LITERAL_CONVERSION = YES;
				CLANG_WARN_OBJC_ROOT_CLASS = YES_ERROR;
				CLANG_WARN_QUOTED_INCLUDE_IN_FRAMEWORK_HEADER = YES;
				CLANG_WARN_RANGE_LOOP_ANALYSIS = YES;
				CLANG_WARN_STRICT_PROTOTYPES = YES;
				CLANG_WARN_SUSPICIOUS_MOVE = YES;
				CLANG_WARN_UNGUARDED_AVAILABILITY = YES_AGGRESSIVE;
				CLANG_WARN_UNREACHABLE_CODE = YES;
				CLANG_WARN__DUPLICATE_METHOD_MATCH = YES;
				COPY_PHASE_STRIP = NO;
				DEBUG_INFORMATION_FORMAT = dwarf;
				ENABLE_STRICT_OBJC_MSGSEND = YES;
				ENABLE_TESTABILITY = YES;
				GCC_C_LANGUAGE_STANDARD = gnu11;
				GCC_DYNAMIC_NO_PIC = NO;
				GCC_NO_COMMON_BLOCKS = YES;
				GCC_OPTIMIZATION_LEVEL = 0;
				GCC_PREPROCESSOR_DEFINITIONS = (
					"DEBUG=1",
					"$(inherited)",
				);
				GCC_WARN_64_TO_32_BIT_CONVERSION = YES;
				GCC_WARN_ABOUT_RETURN_TYPE = YES_ERROR;
				GCC_WARN_UNDECLARED_SELECTOR = YES;
				GCC_WARN_UNINITIALIZED_AUTOS = YES_AGGRESSIVE;
				GCC_WARN_UNUSED_FUNCTION = YES;
				GCC_WARN_UNUSED_VARIABLE = YES;
				IPHONEOS_DEPLOYMENT_TARGET = 13.6;
				MTL_ENABLE_DEBUG_INFO = INCLUDE_SOURCE;
				MTL_FAST_MATH = YES;
				ONLY_ACTIVE_ARCH = YES;
				SDKROOT = iphoneos;
				SWIFT_ACTIVE_COMPILATION_CONDITIONS = DEBUG;
				SWIFT_OPTIMIZATION_LEVEL = "-Onone";
			};
			name = Debug;
		};
		3813B0B024E23F0B009626CC /* Release */ = {
			isa = XCBuildConfiguration;
			buildSettings = {
				ALWAYS_SEARCH_USER_PATHS = NO;
				CLANG_ANALYZER_NONNULL = YES;
				CLANG_ANALYZER_NUMBER_OBJECT_CONVERSION = YES_AGGRESSIVE;
				CLANG_CXX_LANGUAGE_STANDARD = "gnu++14";
				CLANG_CXX_LIBRARY = "libc++";
				CLANG_ENABLE_MODULES = YES;
				CLANG_ENABLE_OBJC_ARC = YES;
				CLANG_ENABLE_OBJC_WEAK = YES;
				CLANG_WARN_BLOCK_CAPTURE_AUTORELEASING = YES;
				CLANG_WARN_BOOL_CONVERSION = YES;
				CLANG_WARN_COMMA = YES;
				CLANG_WARN_CONSTANT_CONVERSION = YES;
				CLANG_WARN_DEPRECATED_OBJC_IMPLEMENTATIONS = YES;
				CLANG_WARN_DIRECT_OBJC_ISA_USAGE = YES_ERROR;
				CLANG_WARN_DOCUMENTATION_COMMENTS = YES;
				CLANG_WARN_EMPTY_BODY = YES;
				CLANG_WARN_ENUM_CONVERSION = YES;
				CLANG_WARN_INFINITE_RECURSION = YES;
				CLANG_WARN_INT_CONVERSION = YES;
				CLANG_WARN_NON_LITERAL_NULL_CONVERSION = YES;
				CLANG_WARN_OBJC_IMPLICIT_RETAIN_SELF = YES;
				CLANG_WARN_OBJC_LITERAL_CONVERSION = YES;
				CLANG_WARN_OBJC_ROOT_CLASS = YES_ERROR;
				CLANG_WARN_QUOTED_INCLUDE_IN_FRAMEWORK_HEADER = YES;
				CLANG_WARN_RANGE_LOOP_ANALYSIS = YES;
				CLANG_WARN_STRICT_PROTOTYPES = YES;
				CLANG_WARN_SUSPICIOUS_MOVE = YES;
				CLANG_WARN_UNGUARDED_AVAILABILITY = YES_AGGRESSIVE;
				CLANG_WARN_UNREACHABLE_CODE = YES;
				CLANG_WARN__DUPLICATE_METHOD_MATCH = YES;
				COPY_PHASE_STRIP = NO;
				DEBUG_INFORMATION_FORMAT = "dwarf-with-dsym";
				ENABLE_NS_ASSERTIONS = NO;
				ENABLE_STRICT_OBJC_MSGSEND = YES;
				GCC_C_LANGUAGE_STANDARD = gnu11;
				GCC_NO_COMMON_BLOCKS = YES;
				GCC_WARN_64_TO_32_BIT_CONVERSION = YES;
				GCC_WARN_ABOUT_RETURN_TYPE = YES_ERROR;
				GCC_WARN_UNDECLARED_SELECTOR = YES;
				GCC_WARN_UNINITIALIZED_AUTOS = YES_AGGRESSIVE;
				GCC_WARN_UNUSED_FUNCTION = YES;
				GCC_WARN_UNUSED_VARIABLE = YES;
				IPHONEOS_DEPLOYMENT_TARGET = 13.6;
				MTL_ENABLE_DEBUG_INFO = NO;
				MTL_FAST_MATH = YES;
				SDKROOT = iphoneos;
				SWIFT_COMPILATION_MODE = wholemodule;
				SWIFT_OPTIMIZATION_LEVEL = "-O";
				VALIDATE_PRODUCT = YES;
			};
			name = Release;
		};
		3813B0B224E23F0B009626CC /* Debug */ = {
			isa = XCBuildConfiguration;
			baseConfigurationReference = EE37EEC23B11040BB3B1AF6F /* Pods-Example_Swift.debug.xcconfig */;
			buildSettings = {
				ASSETCATALOG_COMPILER_APPICON_NAME = AppIcon;
				CLANG_ENABLE_MODULES = YES;
				CODE_SIGN_STYLE = Automatic;
				DEVELOPMENT_TEAM = XA8SWALX42;
				ENABLE_BITCODE = NO;
				INFOPLIST_FILE = Example_Swift/Info.plist;
				IPHONEOS_DEPLOYMENT_TARGET = 12.0;
				LD_RUNPATH_SEARCH_PATHS = (
					"$(inherited)",
					"@executable_path/Frameworks",
				);
				PRODUCT_BUNDLE_IDENTIFIER = "com.man.Example-Swift";
				PRODUCT_NAME = "$(TARGET_NAME)";
				SWIFT_OBJC_BRIDGING_HEADER = "Example_Swift/Example_Swift-Bridging-Header.h";
				SWIFT_OPTIMIZATION_LEVEL = "-Onone";
				SWIFT_VERSION = 5.0;
				TARGETED_DEVICE_FAMILY = "1,2";
			};
			name = Debug;
		};
		3813B0B324E23F0B009626CC /* Release */ = {
			isa = XCBuildConfiguration;
			baseConfigurationReference = B57A129A482457242093B177 /* Pods-Example_Swift.release.xcconfig */;
			buildSettings = {
				ASSETCATALOG_COMPILER_APPICON_NAME = AppIcon;
				CLANG_ENABLE_MODULES = YES;
				CODE_SIGN_STYLE = Automatic;
				DEVELOPMENT_TEAM = XA8SWALX42;
				ENABLE_BITCODE = NO;
				INFOPLIST_FILE = Example_Swift/Info.plist;
				IPHONEOS_DEPLOYMENT_TARGET = 12.0;
				LD_RUNPATH_SEARCH_PATHS = (
					"$(inherited)",
					"@executable_path/Frameworks",
				);
				PRODUCT_BUNDLE_IDENTIFIER = "com.man.Example-Swift";
				PRODUCT_NAME = "$(TARGET_NAME)";
				SWIFT_OBJC_BRIDGING_HEADER = "Example_Swift/Example_Swift-Bridging-Header.h";
				SWIFT_VERSION = 5.0;
				TARGETED_DEVICE_FAMILY = "1,2";
			};
			name = Release;
		};
/* End XCBuildConfiguration section */

/* Begin XCConfigurationList section */
		3813B08224E23F0A009626CC /* Build configuration list for PBXProject "Example_Swift" */ = {
			isa = XCConfigurationList;
			buildConfigurations = (
				3813B0AF24E23F0B009626CC /* Debug */,
				3813B0B024E23F0B009626CC /* Release */,
			);
			defaultConfigurationIsVisible = 0;
			defaultConfigurationName = Release;
		};
		3813B0B124E23F0B009626CC /* Build configuration list for PBXNativeTarget "Example_Swift" */ = {
			isa = XCConfigurationList;
			buildConfigurations = (
				3813B0B224E23F0B009626CC /* Debug */,
				3813B0B324E23F0B009626CC /* Release */,
			);
			defaultConfigurationIsVisible = 0;
			defaultConfigurationName = Release;
		};
/* End XCConfigurationList section */
	};
	rootObject = 3813B07F24E23F0A009626CC /* Project object */;
}
