// !$*UTF8*$!
{
	archiveVersion = 1;
	classes = {
	};
	objectVersion = 48;
	objects = {

/* Begin PBXBuildFile section */
		383CB06221E5F58500398720 /* index2.html in Resources */ = {isa = PBXBuildFile; fileRef = 383CB06121E5F58500398720 /* index2.html */; };
		3849FEA521E5E1DD00662E95 /* index.html in Resources */ = {isa = PBXBuildFile; fileRef = 3849FEA421E5E1DD00662E95 /* index.html */; };
		3875C6F8228F1A3A00F6B626 /* UIWebViewTestController.swift in Sources */ = {isa = PBXBuildFile; fileRef = 3875C6F7228F1A3A00F6B626 /* UIWebViewTestController.swift */; };
		3875C6FA228F1A4800F6B626 /* WKWebViewTestController.swift in Sources */ = {isa = PBXBuildFile; fileRef = 3875C6F9228F1A4800F6B626 /* WKWebViewTestController.swift */; };
		7633EE05987FEFB88957108F /* Pods_Example_SwiftTests.framework in Frameworks */ = {isa = PBXBuildFile; fileRef = 506D66AD894FC6EC245D3A0C /* Pods_Example_SwiftTests.framework */; };
		EA1659D7204D1B14001472C1 /* AppDelegate.swift in Sources */ = {isa = PBXBuildFile; fileRef = EA1659D6204D1B14001472C1 /* AppDelegate.swift */; };
		EA1659D9204D1B14001472C1 /* ViewController.swift in Sources */ = {isa = PBXBuildFile; fileRef = EA1659D8204D1B14001472C1 /* ViewController.swift */; };
		EA1659DC204D1B14001472C1 /* Main.storyboard in Resources */ = {isa = PBXBuildFile; fileRef = EA1659DA204D1B14001472C1 /* Main.storyboard */; };
		EA1659DE204D1B14001472C1 /* Assets.xcassets in Resources */ = {isa = PBXBuildFile; fileRef = EA1659DD204D1B14001472C1 /* Assets.xcassets */; };
		EA1659E1204D1B14001472C1 /* LaunchScreen.storyboard in Resources */ = {isa = PBXBuildFile; fileRef = EA1659DF204D1B14001472C1 /* LaunchScreen.storyboard */; };
		EA6B277920596883004D8E05 /* Example_SwiftTests.swift in Sources */ = {isa = PBXBuildFile; fileRef = EA6B277820596883004D8E05 /* Example_SwiftTests.swift */; };
		EAF58009204E73C3001CA56D /* TaskDelegate.swift in Sources */ = {isa = PBXBuildFile; fileRef = EAF57FA5204E73C2001CA56D /* TaskDelegate.swift */; };
		EAF5800A204E73C3001CA56D /* MultipartFormData.swift in Sources */ = {isa = PBXBuildFile; fileRef = EAF57FA6204E73C2001CA56D /* MultipartFormData.swift */; };
		EAF5800B204E73C3001CA56D /* NetworkReachabilityManager.swift in Sources */ = {isa = PBXBuildFile; fileRef = EAF57FA7204E73C2001CA56D /* NetworkReachabilityManager.swift */; };
		EAF5800C204E73C3001CA56D /* Timeline.swift in Sources */ = {isa = PBXBuildFile; fileRef = EAF57FA8204E73C2001CA56D /* Timeline.swift */; };
		EAF5800D204E73C3001CA56D /* DispatchQueue+Alamofire.swift in Sources */ = {isa = PBXBuildFile; fileRef = EAF57FA9204E73C2001CA56D /* DispatchQueue+Alamofire.swift */; };
		EAF5800E204E73C3001CA56D /* Result.swift in Sources */ = {isa = PBXBuildFile; fileRef = EAF57FAA204E73C2001CA56D /* Result.swift */; };
		EAF5800F204E73C3001CA56D /* ParameterEncoding.swift in Sources */ = {isa = PBXBuildFile; fileRef = EAF57FAB204E73C2001CA56D /* ParameterEncoding.swift */; };
		EAF58010204E73C3001CA56D /* AFError.swift in Sources */ = {isa = PBXBuildFile; fileRef = EAF57FAC204E73C2001CA56D /* AFError.swift */; };
		EAF58011204E73C3001CA56D /* Validation.swift in Sources */ = {isa = PBXBuildFile; fileRef = EAF57FAD204E73C2001CA56D /* Validation.swift */; };
		EAF58012204E73C3001CA56D /* Notifications.swift in Sources */ = {isa = PBXBuildFile; fileRef = EAF57FAE204E73C2001CA56D /* Notifications.swift */; };
		EAF58013204E73C3001CA56D /* Response.swift in Sources */ = {isa = PBXBuildFile; fileRef = EAF57FAF204E73C2001CA56D /* Response.swift */; };
		EAF58014204E73C3001CA56D /* Alamofire.swift in Sources */ = {isa = PBXBuildFile; fileRef = EAF57FB0204E73C2001CA56D /* Alamofire.swift */; };
		EAF58015204E73C3001CA56D /* Request.swift in Sources */ = {isa = PBXBuildFile; fileRef = EAF57FB1204E73C2001CA56D /* Request.swift */; };
		EAF58016204E73C3001CA56D /* SessionManager.swift in Sources */ = {isa = PBXBuildFile; fileRef = EAF57FB2204E73C2001CA56D /* SessionManager.swift */; };
		EAF58017204E73C3001CA56D /* ResponseSerialization.swift in Sources */ = {isa = PBXBuildFile; fileRef = EAF57FB3204E73C2001CA56D /* ResponseSerialization.swift */; };
		EAF58018204E73C3001CA56D /* ServerTrustPolicy.swift in Sources */ = {isa = PBXBuildFile; fileRef = EAF57FB4204E73C2001CA56D /* ServerTrustPolicy.swift */; };
		EAF58019204E73C3001CA56D /* SessionDelegate.swift in Sources */ = {isa = PBXBuildFile; fileRef = EAF57FB5204E73C2001CA56D /* SessionDelegate.swift */; };
		EAF5801A204E73C3001CA56D /* NetworkActivityIndicator.swift in Sources */ = {isa = PBXBuildFile; fileRef = EAF57FB7204E73C2001CA56D /* NetworkActivityIndicator.swift */; };
		EAF5801B204E73C3001CA56D /* Networking+DELETE.swift in Sources */ = {isa = PBXBuildFile; fileRef = EAF57FB8204E73C2001CA56D /* Networking+DELETE.swift */; };
		EAF5801C204E73C3001CA56D /* Networking+GET.swift in Sources */ = {isa = PBXBuildFile; fileRef = EAF57FB9204E73C2001CA56D /* Networking+GET.swift */; };
		EAF5801D204E73C3001CA56D /* Networking+PUT.swift in Sources */ = {isa = PBXBuildFile; fileRef = EAF57FBA204E73C2001CA56D /* Networking+PUT.swift */; };
		EAF5801E204E73C3001CA56D /* NSFileManager+Helpers.swift in Sources */ = {isa = PBXBuildFile; fileRef = EAF57FBB204E73C2001CA56D /* NSFileManager+Helpers.swift */; };
		EAF5801F204E73C3001CA56D /* Networking.swift in Sources */ = {isa = PBXBuildFile; fileRef = EAF57FBC204E73C2001CA56D /* Networking.swift */; };
		EAF58020204E73C3001CA56D /* Dictionary+FormURLEncoded.swift in Sources */ = {isa = PBXBuildFile; fileRef = EAF57FBD204E73C2001CA56D /* Dictionary+FormURLEncoded.swift */; };
		EAF58021204E73C3001CA56D /* String+UTF8.swift in Sources */ = {isa = PBXBuildFile; fileRef = EAF57FBE204E73C2001CA56D /* String+UTF8.swift */; };
		EAF58022204E73C3001CA56D /* JSON.swift in Sources */ = {isa = PBXBuildFile; fileRef = EAF57FBF204E73C2001CA56D /* JSON.swift */; };
		EAF58023204E73C3001CA56D /* NetworkingImage.swift in Sources */ = {isa = PBXBuildFile; fileRef = EAF57FC0204E73C2001CA56D /* NetworkingImage.swift */; };
		EAF58024204E73C3001CA56D /* CharacterSet+Encoding.swift in Sources */ = {isa = PBXBuildFile; fileRef = EAF57FC1204E73C2001CA56D /* CharacterSet+Encoding.swift */; };
		EAF58025204E73C3001CA56D /* Networking+POST.swift in Sources */ = {isa = PBXBuildFile; fileRef = EAF57FC2204E73C2001CA56D /* Networking+POST.swift */; };
		EAF58026204E73C3001CA56D /* Deprecated.swift in Sources */ = {isa = PBXBuildFile; fileRef = EAF57FC3204E73C2001CA56D /* Deprecated.swift */; };
		EAF58027204E73C3001CA56D /* Networking+Download.swift in Sources */ = {isa = PBXBuildFile; fileRef = EAF57FC4204E73C2001CA56D /* Networking+Download.swift */; };
		EAF58028204E73C3001CA56D /* TestCheck.swift in Sources */ = {isa = PBXBuildFile; fileRef = EAF57FC5204E73C2001CA56D /* TestCheck.swift */; };
		EAF58029204E73C3001CA56D /* FormDataPart.swift in Sources */ = {isa = PBXBuildFile; fileRef = EAF57FC6204E73C2001CA56D /* FormDataPart.swift */; };
		EAF5802A204E73C3001CA56D /* Request2.swift in Sources */ = {isa = PBXBuildFile; fileRef = EAF57FC9204E73C2001CA56D /* Request2.swift */; };
		EAF5802B204E73C3001CA56D /* StatusCode.swift in Sources */ = {isa = PBXBuildFile; fileRef = EAF57FCA204E73C2001CA56D /* StatusCode.swift */; };
		EAF5802C204E73C3001CA56D /* Upload.swift in Sources */ = {isa = PBXBuildFile; fileRef = EAF57FCB204E73C2001CA56D /* Upload.swift */; };
		EAF5802D204E73C3001CA56D /* HTTPSecurity.swift in Sources */ = {isa = PBXBuildFile; fileRef = EAF57FCC204E73C2001CA56D /* HTTPSecurity.swift */; };
		EAF5802E204E73C3001CA56D /* Operation.swift in Sources */ = {isa = PBXBuildFile; fileRef = EAF57FCD204E73C2001CA56D /* Operation.swift */; };
		EAF5802F204E73C3001CA56D /* ASIHTTPRequestClient.m in Sources */ = {isa = PBXBuildFile; fileRef = EAF57FD0204E73C2001CA56D /* ASIHTTPRequestClient.m */; };
		EAF58030204E73C3001CA56D /* Reachability.m in Sources */ = {isa = PBXBuildFile; fileRef = EAF57FD2204E73C2001CA56D /* Reachability.m */; };
		EAF58031204E73C3001CA56D /* ASIDataCompressor.m in Sources */ = {isa = PBXBuildFile; fileRef = EAF57FD5204E73C2001CA56D /* ASIDataCompressor.m */; settings = {COMPILER_FLAGS = "-fno-objc-arc"; }; };
		EAF58032204E73C3001CA56D /* ASICloudFilesContainerXMLParserDelegate.m in Sources */ = {isa = PBXBuildFile; fileRef = EAF57FDA204E73C2001CA56D /* ASICloudFilesContainerXMLParserDelegate.m */; settings = {COMPILER_FLAGS = "-fno-objc-arc"; }; };
		EAF58033204E73C3001CA56D /* ASICloudFilesContainerRequest.m in Sources */ = {isa = PBXBuildFile; fileRef = EAF57FDC204E73C2001CA56D /* ASICloudFilesContainerRequest.m */; settings = {COMPILER_FLAGS = "-fno-objc-arc"; }; };
		EAF58034204E73C3001CA56D /* ASICloudFilesContainer.m in Sources */ = {isa = PBXBuildFile; fileRef = EAF57FDD204E73C2001CA56D /* ASICloudFilesContainer.m */; settings = {COMPILER_FLAGS = "-fno-objc-arc"; }; };
		EAF58035204E73C3001CA56D /* ASICloudFilesCDNRequest.m in Sources */ = {isa = PBXBuildFile; fileRef = EAF57FDE204E73C2001CA56D /* ASICloudFilesCDNRequest.m */; settings = {COMPILER_FLAGS = "-fno-objc-arc"; }; };
		EAF58036204E73C3001CA56D /* ASICloudFilesObjectRequest.m in Sources */ = {isa = PBXBuildFile; fileRef = EAF57FDF204E73C2001CA56D /* ASICloudFilesObjectRequest.m */; settings = {COMPILER_FLAGS = "-fno-objc-arc"; }; };
		EAF58037204E73C3001CA56D /* ASICloudFilesObject.m in Sources */ = {isa = PBXBuildFile; fileRef = EAF57FE1204E73C2001CA56D /* ASICloudFilesObject.m */; settings = {COMPILER_FLAGS = "-fno-objc-arc"; }; };
		EAF58038204E73C3001CA56D /* ASICloudFilesRequest.m in Sources */ = {isa = PBXBuildFile; fileRef = EAF57FE4204E73C2001CA56D /* ASICloudFilesRequest.m */; settings = {COMPILER_FLAGS = "-fno-objc-arc"; }; };
		EAF58039204E73C3001CA56D /* ASIS3Bucket.m in Sources */ = {isa = PBXBuildFile; fileRef = EAF57FE6204E73C2001CA56D /* ASIS3Bucket.m */; settings = {COMPILER_FLAGS = "-fno-objc-arc"; }; };
		EAF5803A204E73C3001CA56D /* ASIS3ServiceRequest.m in Sources */ = {isa = PBXBuildFile; fileRef = EAF57FE7204E73C2001CA56D /* ASIS3ServiceRequest.m */; settings = {COMPILER_FLAGS = "-fno-objc-arc"; }; };
		EAF5803B204E73C3001CA56D /* ASIS3ObjectRequest.m in Sources */ = {isa = PBXBuildFile; fileRef = EAF57FE8204E73C2001CA56D /* ASIS3ObjectRequest.m */; settings = {COMPILER_FLAGS = "-fno-objc-arc"; }; };
		EAF5803C204E73C3001CA56D /* ASIS3Request.m in Sources */ = {isa = PBXBuildFile; fileRef = EAF57FE9204E73C2001CA56D /* ASIS3Request.m */; settings = {COMPILER_FLAGS = "-fno-objc-arc"; }; };
		EAF5803D204E73C3001CA56D /* ASIS3BucketRequest.m in Sources */ = {isa = PBXBuildFile; fileRef = EAF57FEA204E73C2001CA56D /* ASIS3BucketRequest.m */; settings = {COMPILER_FLAGS = "-fno-objc-arc"; }; };
		EAF5803E204E73C3001CA56D /* ASIS3BucketObject.m in Sources */ = {isa = PBXBuildFile; fileRef = EAF57FF2204E73C2001CA56D /* ASIS3BucketObject.m */; settings = {COMPILER_FLAGS = "-fno-objc-arc"; }; };
		EAF5803F204E73C3001CA56D /* ASIHTTPRequest.m in Sources */ = {isa = PBXBuildFile; fileRef = EAF57FF3204E73C2001CA56D /* ASIHTTPRequest.m */; settings = {COMPILER_FLAGS = "-fno-objc-arc"; }; };
		EAF58040204E73C3001CA56D /* ASIFormDataRequest.m in Sources */ = {isa = PBXBuildFile; fileRef = EAF57FF6204E73C2001CA56D /* ASIFormDataRequest.m */; settings = {COMPILER_FLAGS = "-fno-objc-arc"; }; };
		EAF58041204E73C3001CA56D /* ASIDataDecompressor.m in Sources */ = {isa = PBXBuildFile; fileRef = EAF57FF8204E73C2001CA56D /* ASIDataDecompressor.m */; settings = {COMPILER_FLAGS = "-fno-objc-arc"; }; };
		EAF58042204E73C3001CA56D /* ASIAuthenticationDialog.m in Sources */ = {isa = PBXBuildFile; fileRef = EAF57FF9204E73C2001CA56D /* ASIAuthenticationDialog.m */; settings = {COMPILER_FLAGS = "-fno-objc-arc"; }; };
		EAF58043204E73C3001CA56D /* ASIInputStream.m in Sources */ = {isa = PBXBuildFile; fileRef = EAF57FFA204E73C2001CA56D /* ASIInputStream.m */; settings = {COMPILER_FLAGS = "-fno-objc-arc"; }; };
		EAF58044204E73C3001CA56D /* ASINetworkQueue.m in Sources */ = {isa = PBXBuildFile; fileRef = EAF58001204E73C2001CA56D /* ASINetworkQueue.m */; settings = {COMPILER_FLAGS = "-fno-objc-arc"; }; };
		EAF58045204E73C3001CA56D /* ASIDownloadCache.m in Sources */ = {isa = PBXBuildFile; fileRef = EAF58003204E73C2001CA56D /* ASIDownloadCache.m */; settings = {COMPILER_FLAGS = "-fno-objc-arc"; }; };
		EAF58046204E73C3001CA56D /* ASIWebPageRequest.m in Sources */ = {isa = PBXBuildFile; fileRef = EAF58006204E73C2001CA56D /* ASIWebPageRequest.m */; settings = {COMPILER_FLAGS = "-fno-objc-arc"; }; };
		F2C742864BC6A6B81080D008 /* Pods_Example_Swift.framework in Frameworks */ = {isa = PBXBuildFile; fileRef = 40B2F0D32DB860EF145358AC /* Pods_Example_Swift.framework */; };
/* End PBXBuildFile section */

/* Begin PBXContainerItemProxy section */
		EA6B277B20596883004D8E05 /* PBXContainerItemProxy */ = {
			isa = PBXContainerItemProxy;
			containerPortal = EA1659CB204D1B14001472C1 /* Project object */;
			proxyType = 1;
			remoteGlobalIDString = EA1659D2204D1B14001472C1;
			remoteInfo = Example_Swift;
		};
/* End PBXContainerItemProxy section */

/* Begin PBXCopyFilesBuildPhase section */
		EAC29252214512A8006F07BD /* Embed Frameworks */ = {
			isa = PBXCopyFilesBuildPhase;
			buildActionMask = 2147483647;
			dstPath = "";
			dstSubfolderSpec = 10;
			files = (
			);
			name = "Embed Frameworks";
			runOnlyForDeploymentPostprocessing = 0;
		};
/* End PBXCopyFilesBuildPhase section */

/* Begin PBXFileReference section */
		35BFFB6121345D54CC92B19E /* Pods-Example_Swift.release.xcconfig */ = {isa = PBXFileReference; includeInIndex = 1; lastKnownFileType = text.xcconfig; name = "Pods-Example_Swift.release.xcconfig"; path = "Target Support Files/Pods-Example_Swift/Pods-Example_Swift.release.xcconfig"; sourceTree = "<group>"; };
		383CB06121E5F58500398720 /* index2.html */ = {isa = PBXFileReference; fileEncoding = 4; lastKnownFileType = text.html; path = index2.html; sourceTree = "<group>"; };
		3849FEA421E5E1DD00662E95 /* index.html */ = {isa = PBXFileReference; fileEncoding = 4; lastKnownFileType = text.html; path = index.html; sourceTree = "<group>"; };
		3875C6F7228F1A3A00F6B626 /* UIWebViewTestController.swift */ = {isa = PBXFileReference; lastKnownFileType = sourcecode.swift; path = UIWebViewTestController.swift; sourceTree = "<group>"; };
		3875C6F9228F1A4800F6B626 /* WKWebViewTestController.swift */ = {isa = PBXFileReference; lastKnownFileType = sourcecode.swift; path = WKWebViewTestController.swift; sourceTree = "<group>"; };
		38B5614D21CCC4CB00BB276A /* WebKit.framework */ = {isa = PBXFileReference; lastKnownFileType = wrapper.framework; name = WebKit.framework; path = System/Library/Frameworks/WebKit.framework; sourceTree = SDKROOT; };
		40B2F0D32DB860EF145358AC /* Pods_Example_Swift.framework */ = {isa = PBXFileReference; explicitFileType = wrapper.framework; includeInIndex = 0; path = Pods_Example_Swift.framework; sourceTree = BUILT_PRODUCTS_DIR; };
		506D66AD894FC6EC245D3A0C /* Pods_Example_SwiftTests.framework */ = {isa = PBXFileReference; explicitFileType = wrapper.framework; includeInIndex = 0; path = Pods_Example_SwiftTests.framework; sourceTree = BUILT_PRODUCTS_DIR; };
		538DDF3506213B5E70B52980 /* Pods-Example_SwiftTests.debug.xcconfig */ = {isa = PBXFileReference; includeInIndex = 1; lastKnownFileType = text.xcconfig; name = "Pods-Example_SwiftTests.debug.xcconfig"; path = "Target Support Files/Pods-Example_SwiftTests/Pods-Example_SwiftTests.debug.xcconfig"; sourceTree = "<group>"; };
		66DEBA7E7D77775A307F16EE /* Pods_CocoaDebug.framework */ = {isa = PBXFileReference; explicitFileType = wrapper.framework; includeInIndex = 0; path = Pods_CocoaDebug.framework; sourceTree = BUILT_PRODUCTS_DIR; };
		6FA75ED67AC76C34B07D95AA /* Pods-Example_SwiftTests.release.xcconfig */ = {isa = PBXFileReference; includeInIndex = 1; lastKnownFileType = text.xcconfig; name = "Pods-Example_SwiftTests.release.xcconfig"; path = "Target Support Files/Pods-Example_SwiftTests/Pods-Example_SwiftTests.release.xcconfig"; sourceTree = "<group>"; };
		91180189EAF96F564723BEB2 /* Pods-CocoaDebug.release.xcconfig */ = {isa = PBXFileReference; includeInIndex = 1; lastKnownFileType = text.xcconfig; name = "Pods-CocoaDebug.release.xcconfig"; path = "Target Support Files/Pods-CocoaDebug/Pods-CocoaDebug.release.xcconfig"; sourceTree = "<group>"; };
		A2CF2BF79018CE28A2B723FE /* Pods-CocoaDebug.debug.xcconfig */ = {isa = PBXFileReference; includeInIndex = 1; lastKnownFileType = text.xcconfig; name = "Pods-CocoaDebug.debug.xcconfig"; path = "Target Support Files/Pods-CocoaDebug/Pods-CocoaDebug.debug.xcconfig"; sourceTree = "<group>"; };
		B5D880F04321587289850C6A /* Pods-Example_Swift.debug.xcconfig */ = {isa = PBXFileReference; includeInIndex = 1; lastKnownFileType = text.xcconfig; name = "Pods-Example_Swift.debug.xcconfig"; path = "Target Support Files/Pods-Example_Swift/Pods-Example_Swift.debug.xcconfig"; sourceTree = "<group>"; };
		EA1659D3204D1B14001472C1 /* Example_Swift.app */ = {isa = PBXFileReference; explicitFileType = wrapper.application; includeInIndex = 0; path = Example_Swift.app; sourceTree = BUILT_PRODUCTS_DIR; };
		EA1659D6204D1B14001472C1 /* AppDelegate.swift */ = {isa = PBXFileReference; lastKnownFileType = sourcecode.swift; path = AppDelegate.swift; sourceTree = "<group>"; };
		EA1659D8204D1B14001472C1 /* ViewController.swift */ = {isa = PBXFileReference; lastKnownFileType = sourcecode.swift; path = ViewController.swift; sourceTree = "<group>"; };
		EA1659DB204D1B14001472C1 /* Base */ = {isa = PBXFileReference; lastKnownFileType = file.storyboard; name = Base; path = Base.lproj/Main.storyboard; sourceTree = "<group>"; };
		EA1659DD204D1B14001472C1 /* Assets.xcassets */ = {isa = PBXFileReference; lastKnownFileType = folder.assetcatalog; path = Assets.xcassets; sourceTree = "<group>"; };
		EA1659E0204D1B14001472C1 /* Base */ = {isa = PBXFileReference; lastKnownFileType = file.storyboard; name = Base; path = Base.lproj/LaunchScreen.storyboard; sourceTree = "<group>"; };
		EA1659E2204D1B14001472C1 /* Info.plist */ = {isa = PBXFileReference; lastKnownFileType = text.plist.xml; path = Info.plist; sourceTree = "<group>"; };
		EA165C6D204D1C13001472C1 /* Example_Swift-Bridging-Header.h */ = {isa = PBXFileReference; lastKnownFileType = sourcecode.c.h; path = "Example_Swift-Bridging-Header.h"; sourceTree = "<group>"; };
		EA6B277620596883004D8E05 /* Example_SwiftTests.xctest */ = {isa = PBXFileReference; explicitFileType = wrapper.cfbundle; includeInIndex = 0; path = Example_SwiftTests.xctest; sourceTree = BUILT_PRODUCTS_DIR; };
		EA6B277820596883004D8E05 /* Example_SwiftTests.swift */ = {isa = PBXFileReference; lastKnownFileType = sourcecode.swift; path = Example_SwiftTests.swift; sourceTree = "<group>"; };
		EA6B277A20596883004D8E05 /* Info.plist */ = {isa = PBXFileReference; lastKnownFileType = text.plist.xml; path = Info.plist; sourceTree = "<group>"; };
		EAF57FA5204E73C2001CA56D /* TaskDelegate.swift */ = {isa = PBXFileReference; fileEncoding = 4; lastKnownFileType = sourcecode.swift; path = TaskDelegate.swift; sourceTree = "<group>"; };
		EAF57FA6204E73C2001CA56D /* MultipartFormData.swift */ = {isa = PBXFileReference; fileEncoding = 4; lastKnownFileType = sourcecode.swift; path = MultipartFormData.swift; sourceTree = "<group>"; };
		EAF57FA7204E73C2001CA56D /* NetworkReachabilityManager.swift */ = {isa = PBXFileReference; fileEncoding = 4; lastKnownFileType = sourcecode.swift; path = NetworkReachabilityManager.swift; sourceTree = "<group>"; };
		EAF57FA8204E73C2001CA56D /* Timeline.swift */ = {isa = PBXFileReference; fileEncoding = 4; lastKnownFileType = sourcecode.swift; path = Timeline.swift; sourceTree = "<group>"; };
		EAF57FA9204E73C2001CA56D /* DispatchQueue+Alamofire.swift */ = {isa = PBXFileReference; fileEncoding = 4; lastKnownFileType = sourcecode.swift; path = "DispatchQueue+Alamofire.swift"; sourceTree = "<group>"; };
		EAF57FAA204E73C2001CA56D /* Result.swift */ = {isa = PBXFileReference; fileEncoding = 4; lastKnownFileType = sourcecode.swift; path = Result.swift; sourceTree = "<group>"; };
		EAF57FAB204E73C2001CA56D /* ParameterEncoding.swift */ = {isa = PBXFileReference; fileEncoding = 4; lastKnownFileType = sourcecode.swift; path = ParameterEncoding.swift; sourceTree = "<group>"; };
		EAF57FAC204E73C2001CA56D /* AFError.swift */ = {isa = PBXFileReference; fileEncoding = 4; lastKnownFileType = sourcecode.swift; path = AFError.swift; sourceTree = "<group>"; };
		EAF57FAD204E73C2001CA56D /* Validation.swift */ = {isa = PBXFileReference; fileEncoding = 4; lastKnownFileType = sourcecode.swift; path = Validation.swift; sourceTree = "<group>"; };
		EAF57FAE204E73C2001CA56D /* Notifications.swift */ = {isa = PBXFileReference; fileEncoding = 4; lastKnownFileType = sourcecode.swift; path = Notifications.swift; sourceTree = "<group>"; };
		EAF57FAF204E73C2001CA56D /* Response.swift */ = {isa = PBXFileReference; fileEncoding = 4; lastKnownFileType = sourcecode.swift; path = Response.swift; sourceTree = "<group>"; };
		EAF57FB0204E73C2001CA56D /* Alamofire.swift */ = {isa = PBXFileReference; fileEncoding = 4; lastKnownFileType = sourcecode.swift; path = Alamofire.swift; sourceTree = "<group>"; };
		EAF57FB1204E73C2001CA56D /* Request.swift */ = {isa = PBXFileReference; fileEncoding = 4; lastKnownFileType = sourcecode.swift; path = Request.swift; sourceTree = "<group>"; };
		EAF57FB2204E73C2001CA56D /* SessionManager.swift */ = {isa = PBXFileReference; fileEncoding = 4; lastKnownFileType = sourcecode.swift; path = SessionManager.swift; sourceTree = "<group>"; };
		EAF57FB3204E73C2001CA56D /* ResponseSerialization.swift */ = {isa = PBXFileReference; fileEncoding = 4; lastKnownFileType = sourcecode.swift; path = ResponseSerialization.swift; sourceTree = "<group>"; };
		EAF57FB4204E73C2001CA56D /* ServerTrustPolicy.swift */ = {isa = PBXFileReference; fileEncoding = 4; lastKnownFileType = sourcecode.swift; path = ServerTrustPolicy.swift; sourceTree = "<group>"; };
		EAF57FB5204E73C2001CA56D /* SessionDelegate.swift */ = {isa = PBXFileReference; fileEncoding = 4; lastKnownFileType = sourcecode.swift; path = SessionDelegate.swift; sourceTree = "<group>"; };
		EAF57FB7204E73C2001CA56D /* NetworkActivityIndicator.swift */ = {isa = PBXFileReference; fileEncoding = 4; lastKnownFileType = sourcecode.swift; path = NetworkActivityIndicator.swift; sourceTree = "<group>"; };
		EAF57FB8204E73C2001CA56D /* Networking+DELETE.swift */ = {isa = PBXFileReference; fileEncoding = 4; lastKnownFileType = sourcecode.swift; path = "Networking+DELETE.swift"; sourceTree = "<group>"; };
		EAF57FB9204E73C2001CA56D /* Networking+GET.swift */ = {isa = PBXFileReference; fileEncoding = 4; lastKnownFileType = sourcecode.swift; path = "Networking+GET.swift"; sourceTree = "<group>"; };
		EAF57FBA204E73C2001CA56D /* Networking+PUT.swift */ = {isa = PBXFileReference; fileEncoding = 4; lastKnownFileType = sourcecode.swift; path = "Networking+PUT.swift"; sourceTree = "<group>"; };
		EAF57FBB204E73C2001CA56D /* NSFileManager+Helpers.swift */ = {isa = PBXFileReference; fileEncoding = 4; lastKnownFileType = sourcecode.swift; path = "NSFileManager+Helpers.swift"; sourceTree = "<group>"; };
		EAF57FBC204E73C2001CA56D /* Networking.swift */ = {isa = PBXFileReference; fileEncoding = 4; lastKnownFileType = sourcecode.swift; path = Networking.swift; sourceTree = "<group>"; };
		EAF57FBD204E73C2001CA56D /* Dictionary+FormURLEncoded.swift */ = {isa = PBXFileReference; fileEncoding = 4; lastKnownFileType = sourcecode.swift; path = "Dictionary+FormURLEncoded.swift"; sourceTree = "<group>"; };
		EAF57FBE204E73C2001CA56D /* String+UTF8.swift */ = {isa = PBXFileReference; fileEncoding = 4; lastKnownFileType = sourcecode.swift; path = "String+UTF8.swift"; sourceTree = "<group>"; };
		EAF57FBF204E73C2001CA56D /* JSON.swift */ = {isa = PBXFileReference; fileEncoding = 4; lastKnownFileType = sourcecode.swift; path = JSON.swift; sourceTree = "<group>"; };
		EAF57FC0204E73C2001CA56D /* NetworkingImage.swift */ = {isa = PBXFileReference; fileEncoding = 4; lastKnownFileType = sourcecode.swift; path = NetworkingImage.swift; sourceTree = "<group>"; };
		EAF57FC1204E73C2001CA56D /* CharacterSet+Encoding.swift */ = {isa = PBXFileReference; fileEncoding = 4; lastKnownFileType = sourcecode.swift; path = "CharacterSet+Encoding.swift"; sourceTree = "<group>"; };
		EAF57FC2204E73C2001CA56D /* Networking+POST.swift */ = {isa = PBXFileReference; fileEncoding = 4; lastKnownFileType = sourcecode.swift; path = "Networking+POST.swift"; sourceTree = "<group>"; };
		EAF57FC3204E73C2001CA56D /* Deprecated.swift */ = {isa = PBXFileReference; fileEncoding = 4; lastKnownFileType = sourcecode.swift; path = Deprecated.swift; sourceTree = "<group>"; };
		EAF57FC4204E73C2001CA56D /* Networking+Download.swift */ = {isa = PBXFileReference; fileEncoding = 4; lastKnownFileType = sourcecode.swift; path = "Networking+Download.swift"; sourceTree = "<group>"; };
		EAF57FC5204E73C2001CA56D /* TestCheck.swift */ = {isa = PBXFileReference; fileEncoding = 4; lastKnownFileType = sourcecode.swift; path = TestCheck.swift; sourceTree = "<group>"; };
		EAF57FC6204E73C2001CA56D /* FormDataPart.swift */ = {isa = PBXFileReference; fileEncoding = 4; lastKnownFileType = sourcecode.swift; path = FormDataPart.swift; sourceTree = "<group>"; };
		EAF57FC7204E73C2001CA56D /* Networking.h */ = {isa = PBXFileReference; fileEncoding = 4; lastKnownFileType = sourcecode.c.h; path = Networking.h; sourceTree = "<group>"; };
		EAF57FC9204E73C2001CA56D /* Request2.swift */ = {isa = PBXFileReference; fileEncoding = 4; lastKnownFileType = sourcecode.swift; path = Request2.swift; sourceTree = "<group>"; };
		EAF57FCA204E73C2001CA56D /* StatusCode.swift */ = {isa = PBXFileReference; fileEncoding = 4; lastKnownFileType = sourcecode.swift; path = StatusCode.swift; sourceTree = "<group>"; };
		EAF57FCB204E73C2001CA56D /* Upload.swift */ = {isa = PBXFileReference; fileEncoding = 4; lastKnownFileType = sourcecode.swift; path = Upload.swift; sourceTree = "<group>"; };
		EAF57FCC204E73C2001CA56D /* HTTPSecurity.swift */ = {isa = PBXFileReference; fileEncoding = 4; lastKnownFileType = sourcecode.swift; path = HTTPSecurity.swift; sourceTree = "<group>"; };
		EAF57FCD204E73C2001CA56D /* Operation.swift */ = {isa = PBXFileReference; fileEncoding = 4; lastKnownFileType = sourcecode.swift; path = Operation.swift; sourceTree = "<group>"; };
		EAF57FCF204E73C2001CA56D /* ASIHTTPRequestClient.h */ = {isa = PBXFileReference; fileEncoding = 4; lastKnownFileType = sourcecode.c.h; path = ASIHTTPRequestClient.h; sourceTree = "<group>"; };
		EAF57FD0204E73C2001CA56D /* ASIHTTPRequestClient.m */ = {isa = PBXFileReference; fileEncoding = 4; lastKnownFileType = sourcecode.c.objc; path = ASIHTTPRequestClient.m; sourceTree = "<group>"; };
		EAF57FD2204E73C2001CA56D /* Reachability.m */ = {isa = PBXFileReference; fileEncoding = 4; lastKnownFileType = sourcecode.c.objc; path = Reachability.m; sourceTree = "<group>"; };
		EAF57FD3204E73C2001CA56D /* Reachability.h */ = {isa = PBXFileReference; fileEncoding = 4; lastKnownFileType = sourcecode.c.h; path = Reachability.h; sourceTree = "<group>"; };
		EAF57FD5204E73C2001CA56D /* ASIDataCompressor.m */ = {isa = PBXFileReference; fileEncoding = 4; lastKnownFileType = sourcecode.c.objc; path = ASIDataCompressor.m; sourceTree = "<group>"; };
		EAF57FD7204E73C2001CA56D /* ASICloudFilesObjectRequest.h */ = {isa = PBXFileReference; fileEncoding = 4; lastKnownFileType = sourcecode.c.h; path = ASICloudFilesObjectRequest.h; sourceTree = "<group>"; };
		EAF57FD8204E73C2001CA56D /* ASICloudFilesCDNRequest.h */ = {isa = PBXFileReference; fileEncoding = 4; lastKnownFileType = sourcecode.c.h; path = ASICloudFilesCDNRequest.h; sourceTree = "<group>"; };
		EAF57FD9204E73C2001CA56D /* ASICloudFilesObject.h */ = {isa = PBXFileReference; fileEncoding = 4; lastKnownFileType = sourcecode.c.h; path = ASICloudFilesObject.h; sourceTree = "<group>"; };
		EAF57FDA204E73C2001CA56D /* ASICloudFilesContainerXMLParserDelegate.m */ = {isa = PBXFileReference; fileEncoding = 4; lastKnownFileType = sourcecode.c.objc; path = ASICloudFilesContainerXMLParserDelegate.m; sourceTree = "<group>"; };
		EAF57FDB204E73C2001CA56D /* ASICloudFilesRequest.h */ = {isa = PBXFileReference; fileEncoding = 4; lastKnownFileType = sourcecode.c.h; path = ASICloudFilesRequest.h; sourceTree = "<group>"; };
		EAF57FDC204E73C2001CA56D /* ASICloudFilesContainerRequest.m */ = {isa = PBXFileReference; fileEncoding = 4; lastKnownFileType = sourcecode.c.objc; path = ASICloudFilesContainerRequest.m; sourceTree = "<group>"; };
		EAF57FDD204E73C2001CA56D /* ASICloudFilesContainer.m */ = {isa = PBXFileReference; fileEncoding = 4; lastKnownFileType = sourcecode.c.objc; path = ASICloudFilesContainer.m; sourceTree = "<group>"; };
		EAF57FDE204E73C2001CA56D /* ASICloudFilesCDNRequest.m */ = {isa = PBXFileReference; fileEncoding = 4; lastKnownFileType = sourcecode.c.objc; path = ASICloudFilesCDNRequest.m; sourceTree = "<group>"; };
		EAF57FDF204E73C2001CA56D /* ASICloudFilesObjectRequest.m */ = {isa = PBXFileReference; fileEncoding = 4; lastKnownFileType = sourcecode.c.objc; path = ASICloudFilesObjectRequest.m; sourceTree = "<group>"; };
		EAF57FE0204E73C2001CA56D /* ASICloudFilesContainerXMLParserDelegate.h */ = {isa = PBXFileReference; fileEncoding = 4; lastKnownFileType = sourcecode.c.h; path = ASICloudFilesContainerXMLParserDelegate.h; sourceTree = "<group>"; };
		EAF57FE1204E73C2001CA56D /* ASICloudFilesObject.m */ = {isa = PBXFileReference; fileEncoding = 4; lastKnownFileType = sourcecode.c.objc; path = ASICloudFilesObject.m; sourceTree = "<group>"; };
		EAF57FE2204E73C2001CA56D /* ASICloudFilesContainer.h */ = {isa = PBXFileReference; fileEncoding = 4; lastKnownFileType = sourcecode.c.h; path = ASICloudFilesContainer.h; sourceTree = "<group>"; };
		EAF57FE3204E73C2001CA56D /* ASICloudFilesContainerRequest.h */ = {isa = PBXFileReference; fileEncoding = 4; lastKnownFileType = sourcecode.c.h; path = ASICloudFilesContainerRequest.h; sourceTree = "<group>"; };
		EAF57FE4204E73C2001CA56D /* ASICloudFilesRequest.m */ = {isa = PBXFileReference; fileEncoding = 4; lastKnownFileType = sourcecode.c.objc; path = ASICloudFilesRequest.m; sourceTree = "<group>"; };
		EAF57FE6204E73C2001CA56D /* ASIS3Bucket.m */ = {isa = PBXFileReference; fileEncoding = 4; lastKnownFileType = sourcecode.c.objc; path = ASIS3Bucket.m; sourceTree = "<group>"; };
		EAF57FE7204E73C2001CA56D /* ASIS3ServiceRequest.m */ = {isa = PBXFileReference; fileEncoding = 4; lastKnownFileType = sourcecode.c.objc; path = ASIS3ServiceRequest.m; sourceTree = "<group>"; };
		EAF57FE8204E73C2001CA56D /* ASIS3ObjectRequest.m */ = {isa = PBXFileReference; fileEncoding = 4; lastKnownFileType = sourcecode.c.objc; path = ASIS3ObjectRequest.m; sourceTree = "<group>"; };
		EAF57FE9204E73C2001CA56D /* ASIS3Request.m */ = {isa = PBXFileReference; fileEncoding = 4; lastKnownFileType = sourcecode.c.objc; path = ASIS3Request.m; sourceTree = "<group>"; };
		EAF57FEA204E73C2001CA56D /* ASIS3BucketRequest.m */ = {isa = PBXFileReference; fileEncoding = 4; lastKnownFileType = sourcecode.c.objc; path = ASIS3BucketRequest.m; sourceTree = "<group>"; };
		EAF57FEB204E73C2001CA56D /* ASINSXMLParserCompat.h */ = {isa = PBXFileReference; fileEncoding = 4; lastKnownFileType = sourcecode.c.h; path = ASINSXMLParserCompat.h; sourceTree = "<group>"; };
		EAF57FEC204E73C2001CA56D /* ASIS3BucketObject.h */ = {isa = PBXFileReference; fileEncoding = 4; lastKnownFileType = sourcecode.c.h; path = ASIS3BucketObject.h; sourceTree = "<group>"; };
		EAF57FED204E73C2001CA56D /* ASIS3Bucket.h */ = {isa = PBXFileReference; fileEncoding = 4; lastKnownFileType = sourcecode.c.h; path = ASIS3Bucket.h; sourceTree = "<group>"; };
		EAF57FEE204E73C2001CA56D /* ASIS3BucketRequest.h */ = {isa = PBXFileReference; fileEncoding = 4; lastKnownFileType = sourcecode.c.h; path = ASIS3BucketRequest.h; sourceTree = "<group>"; };
		EAF57FEF204E73C2001CA56D /* ASIS3Request.h */ = {isa = PBXFileReference; fileEncoding = 4; lastKnownFileType = sourcecode.c.h; path = ASIS3Request.h; sourceTree = "<group>"; };
		EAF57FF0204E73C2001CA56D /* ASIS3ObjectRequest.h */ = {isa = PBXFileReference; fileEncoding = 4; lastKnownFileType = sourcecode.c.h; path = ASIS3ObjectRequest.h; sourceTree = "<group>"; };
		EAF57FF1204E73C2001CA56D /* ASIS3ServiceRequest.h */ = {isa = PBXFileReference; fileEncoding = 4; lastKnownFileType = sourcecode.c.h; path = ASIS3ServiceRequest.h; sourceTree = "<group>"; };
		EAF57FF2204E73C2001CA56D /* ASIS3BucketObject.m */ = {isa = PBXFileReference; fileEncoding = 4; lastKnownFileType = sourcecode.c.objc; path = ASIS3BucketObject.m; sourceTree = "<group>"; };
		EAF57FF3204E73C2001CA56D /* ASIHTTPRequest.m */ = {isa = PBXFileReference; fileEncoding = 4; lastKnownFileType = sourcecode.c.objc; path = ASIHTTPRequest.m; sourceTree = "<group>"; };
		EAF57FF4204E73C2001CA56D /* ASIHTTPRequestDelegate.h */ = {isa = PBXFileReference; fileEncoding = 4; lastKnownFileType = sourcecode.c.h; path = ASIHTTPRequestDelegate.h; sourceTree = "<group>"; };
		EAF57FF5204E73C2001CA56D /* ASINetworkQueue.h */ = {isa = PBXFileReference; fileEncoding = 4; lastKnownFileType = sourcecode.c.h; path = ASINetworkQueue.h; sourceTree = "<group>"; };
		EAF57FF6204E73C2001CA56D /* ASIFormDataRequest.m */ = {isa = PBXFileReference; fileEncoding = 4; lastKnownFileType = sourcecode.c.objc; path = ASIFormDataRequest.m; sourceTree = "<group>"; };
		EAF57FF7204E73C2001CA56D /* ASIHTTPRequestConfig.h */ = {isa = PBXFileReference; fileEncoding = 4; lastKnownFileType = sourcecode.c.h; path = ASIHTTPRequestConfig.h; sourceTree = "<group>"; };
		EAF57FF8204E73C2001CA56D /* ASIDataDecompressor.m */ = {isa = PBXFileReference; fileEncoding = 4; lastKnownFileType = sourcecode.c.objc; path = ASIDataDecompressor.m; sourceTree = "<group>"; };
		EAF57FF9204E73C2001CA56D /* ASIAuthenticationDialog.m */ = {isa = PBXFileReference; fileEncoding = 4; lastKnownFileType = sourcecode.c.objc; path = ASIAuthenticationDialog.m; sourceTree = "<group>"; };
		EAF57FFA204E73C2001CA56D /* ASIInputStream.m */ = {isa = PBXFileReference; fileEncoding = 4; lastKnownFileType = sourcecode.c.objc; path = ASIInputStream.m; sourceTree = "<group>"; };
		EAF57FFB204E73C2001CA56D /* ASIDownloadCache.h */ = {isa = PBXFileReference; fileEncoding = 4; lastKnownFileType = sourcecode.c.h; path = ASIDownloadCache.h; sourceTree = "<group>"; };
		EAF57FFC204E73C2001CA56D /* ASIHTTPRequest.h */ = {isa = PBXFileReference; fileEncoding = 4; lastKnownFileType = sourcecode.c.h; path = ASIHTTPRequest.h; sourceTree = "<group>"; };
		EAF57FFD204E73C2001CA56D /* ASICacheDelegate.h */ = {isa = PBXFileReference; fileEncoding = 4; lastKnownFileType = sourcecode.c.h; path = ASICacheDelegate.h; sourceTree = "<group>"; };
		EAF57FFE204E73C2001CA56D /* ASIDataCompressor.h */ = {isa = PBXFileReference; fileEncoding = 4; lastKnownFileType = sourcecode.c.h; path = ASIDataCompressor.h; sourceTree = "<group>"; };
		EAF57FFF204E73C2001CA56D /* ASIProgressDelegate.h */ = {isa = PBXFileReference; fileEncoding = 4; lastKnownFileType = sourcecode.c.h; path = ASIProgressDelegate.h; sourceTree = "<group>"; };
		EAF58000204E73C2001CA56D /* ASIFormDataRequest.h */ = {isa = PBXFileReference; fileEncoding = 4; lastKnownFileType = sourcecode.c.h; path = ASIFormDataRequest.h; sourceTree = "<group>"; };
		EAF58001204E73C2001CA56D /* ASINetworkQueue.m */ = {isa = PBXFileReference; fileEncoding = 4; lastKnownFileType = sourcecode.c.objc; path = ASINetworkQueue.m; sourceTree = "<group>"; };
		EAF58002204E73C2001CA56D /* ASIDataDecompressor.h */ = {isa = PBXFileReference; fileEncoding = 4; lastKnownFileType = sourcecode.c.h; path = ASIDataDecompressor.h; sourceTree = "<group>"; };
		EAF58003204E73C2001CA56D /* ASIDownloadCache.m */ = {isa = PBXFileReference; fileEncoding = 4; lastKnownFileType = sourcecode.c.objc; path = ASIDownloadCache.m; sourceTree = "<group>"; };
		EAF58004204E73C2001CA56D /* ASIInputStream.h */ = {isa = PBXFileReference; fileEncoding = 4; lastKnownFileType = sourcecode.c.h; path = ASIInputStream.h; sourceTree = "<group>"; };
		EAF58006204E73C2001CA56D /* ASIWebPageRequest.m */ = {isa = PBXFileReference; fileEncoding = 4; lastKnownFileType = sourcecode.c.objc; path = ASIWebPageRequest.m; sourceTree = "<group>"; };
		EAF58007204E73C2001CA56D /* ASIWebPageRequest.h */ = {isa = PBXFileReference; fileEncoding = 4; lastKnownFileType = sourcecode.c.h; path = ASIWebPageRequest.h; sourceTree = "<group>"; };
		EAF58008204E73C2001CA56D /* ASIAuthenticationDialog.h */ = {isa = PBXFileReference; fileEncoding = 4; lastKnownFileType = sourcecode.c.h; path = ASIAuthenticationDialog.h; sourceTree = "<group>"; };
/* End PBXFileReference section */

/* Begin PBXFrameworksBuildPhase section */
		EA1659D0204D1B14001472C1 /* Frameworks */ = {
			isa = PBXFrameworksBuildPhase;
			buildActionMask = 2147483647;
			files = (
				F2C742864BC6A6B81080D008 /* Pods_Example_Swift.framework in Frameworks */,
			);
			runOnlyForDeploymentPostprocessing = 0;
		};
		EA6B277320596883004D8E05 /* Frameworks */ = {
			isa = PBXFrameworksBuildPhase;
			buildActionMask = 2147483647;
			files = (
				7633EE05987FEFB88957108F /* Pods_Example_SwiftTests.framework in Frameworks */,
			);
			runOnlyForDeploymentPostprocessing = 0;
		};
/* End PBXFrameworksBuildPhase section */

/* Begin PBXGroup section */
		38B5614C21CCC4CB00BB276A /* Frameworks */ = {
			isa = PBXGroup;
			children = (
				38B5614D21CCC4CB00BB276A /* WebKit.framework */,
				66DEBA7E7D77775A307F16EE /* Pods_CocoaDebug.framework */,
				40B2F0D32DB860EF145358AC /* Pods_Example_Swift.framework */,
				506D66AD894FC6EC245D3A0C /* Pods_Example_SwiftTests.framework */,
			);
			name = Frameworks;
			sourceTree = "<group>";
		};
		CB2CF06832282981AB7DE7AE /* Pods */ = {
			isa = PBXGroup;
			children = (
				A2CF2BF79018CE28A2B723FE /* Pods-CocoaDebug.debug.xcconfig */,
				91180189EAF96F564723BEB2 /* Pods-CocoaDebug.release.xcconfig */,
				B5D880F04321587289850C6A /* Pods-Example_Swift.debug.xcconfig */,
				35BFFB6121345D54CC92B19E /* Pods-Example_Swift.release.xcconfig */,
				538DDF3506213B5E70B52980 /* Pods-Example_SwiftTests.debug.xcconfig */,
				6FA75ED67AC76C34B07D95AA /* Pods-Example_SwiftTests.release.xcconfig */,
			);
			path = Pods;
			sourceTree = "<group>";
		};
		EA1659CA204D1B14001472C1 = {
			isa = PBXGroup;
			children = (
				EA1659D5204D1B14001472C1 /* Example_Swift */,
				EA6B277720596883004D8E05 /* Example_SwiftTests */,
				EA1659D4204D1B14001472C1 /* Products */,
				38B5614C21CCC4CB00BB276A /* Frameworks */,
				CB2CF06832282981AB7DE7AE /* Pods */,
			);
			sourceTree = "<group>";
		};
		EA1659D4204D1B14001472C1 /* Products */ = {
			isa = PBXGroup;
			children = (
				EA1659D3204D1B14001472C1 /* Example_Swift.app */,
				EA6B277620596883004D8E05 /* Example_SwiftTests.xctest */,
			);
			name = Products;
			sourceTree = "<group>";
		};
		EA1659D5204D1B14001472C1 /* Example_Swift */ = {
			isa = PBXGroup;
			children = (
				EAF57FA3204E73C2001CA56D /* Vendor */,
				EA1659D6204D1B14001472C1 /* AppDelegate.swift */,
				EA1659D8204D1B14001472C1 /* ViewController.swift */,
				3875C6F7228F1A3A00F6B626 /* UIWebViewTestController.swift */,
				3875C6F9228F1A4800F6B626 /* WKWebViewTestController.swift */,
				EA1659DA204D1B14001472C1 /* Main.storyboard */,
				EA1659DD204D1B14001472C1 /* Assets.xcassets */,
				EA1659DF204D1B14001472C1 /* LaunchScreen.storyboard */,
				EA1659E2204D1B14001472C1 /* Info.plist */,
				3849FEA421E5E1DD00662E95 /* index.html */,
				383CB06121E5F58500398720 /* index2.html */,
				EA165C6D204D1C13001472C1 /* Example_Swift-Bridging-Header.h */,
			);
			path = Example_Swift;
			sourceTree = "<group>";
		};
		EA6B277720596883004D8E05 /* Example_SwiftTests */ = {
			isa = PBXGroup;
			children = (
				EA6B277820596883004D8E05 /* Example_SwiftTests.swift */,
				EA6B277A20596883004D8E05 /* Info.plist */,
			);
			path = Example_SwiftTests;
			sourceTree = "<group>";
		};
		EAF57FA3204E73C2001CA56D /* Vendor */ = {
			isa = PBXGroup;
			children = (
				EAF57FA4204E73C2001CA56D /* Alamofire */,
				EAF57FB6204E73C2001CA56D /* Networking */,
				EAF57FC8204E73C2001CA56D /* SwiftHTTP */,
				EAF57FCE204E73C2001CA56D /* Common */,
				EAF57FD1204E73C2001CA56D /* Reachability */,
				EAF57FD4204E73C2001CA56D /* ASIHTTPRequest */,
			);
			path = Vendor;
			sourceTree = "<group>";
		};
		EAF57FA4204E73C2001CA56D /* Alamofire */ = {
			isa = PBXGroup;
			children = (
				EAF57FA5204E73C2001CA56D /* TaskDelegate.swift */,
				EAF57FA6204E73C2001CA56D /* MultipartFormData.swift */,
				EAF57FA7204E73C2001CA56D /* NetworkReachabilityManager.swift */,
				EAF57FA8204E73C2001CA56D /* Timeline.swift */,
				EAF57FA9204E73C2001CA56D /* DispatchQueue+Alamofire.swift */,
				EAF57FAA204E73C2001CA56D /* Result.swift */,
				EAF57FAB204E73C2001CA56D /* ParameterEncoding.swift */,
				EAF57FAC204E73C2001CA56D /* AFError.swift */,
				EAF57FAD204E73C2001CA56D /* Validation.swift */,
				EAF57FAE204E73C2001CA56D /* Notifications.swift */,
				EAF57FAF204E73C2001CA56D /* Response.swift */,
				EAF57FB0204E73C2001CA56D /* Alamofire.swift */,
				EAF57FB1204E73C2001CA56D /* Request.swift */,
				EAF57FB2204E73C2001CA56D /* SessionManager.swift */,
				EAF57FB3204E73C2001CA56D /* ResponseSerialization.swift */,
				EAF57FB4204E73C2001CA56D /* ServerTrustPolicy.swift */,
				EAF57FB5204E73C2001CA56D /* SessionDelegate.swift */,
			);
			path = Alamofire;
			sourceTree = "<group>";
		};
		EAF57FB6204E73C2001CA56D /* Networking */ = {
			isa = PBXGroup;
			children = (
				EAF57FB7204E73C2001CA56D /* NetworkActivityIndicator.swift */,
				EAF57FB8204E73C2001CA56D /* Networking+DELETE.swift */,
				EAF57FB9204E73C2001CA56D /* Networking+GET.swift */,
				EAF57FBA204E73C2001CA56D /* Networking+PUT.swift */,
				EAF57FBB204E73C2001CA56D /* NSFileManager+Helpers.swift */,
				EAF57FBC204E73C2001CA56D /* Networking.swift */,
				EAF57FBD204E73C2001CA56D /* Dictionary+FormURLEncoded.swift */,
				EAF57FBE204E73C2001CA56D /* String+UTF8.swift */,
				EAF57FBF204E73C2001CA56D /* JSON.swift */,
				EAF57FC0204E73C2001CA56D /* NetworkingImage.swift */,
				EAF57FC1204E73C2001CA56D /* CharacterSet+Encoding.swift */,
				EAF57FC2204E73C2001CA56D /* Networking+POST.swift */,
				EAF57FC3204E73C2001CA56D /* Deprecated.swift */,
				EAF57FC4204E73C2001CA56D /* Networking+Download.swift */,
				EAF57FC5204E73C2001CA56D /* TestCheck.swift */,
				EAF57FC6204E73C2001CA56D /* FormDataPart.swift */,
				EAF57FC7204E73C2001CA56D /* Networking.h */,
			);
			path = Networking;
			sourceTree = "<group>";
		};
		EAF57FC8204E73C2001CA56D /* SwiftHTTP */ = {
			isa = PBXGroup;
			children = (
				EAF57FC9204E73C2001CA56D /* Request2.swift */,
				EAF57FCA204E73C2001CA56D /* StatusCode.swift */,
				EAF57FCB204E73C2001CA56D /* Upload.swift */,
				EAF57FCC204E73C2001CA56D /* HTTPSecurity.swift */,
				EAF57FCD204E73C2001CA56D /* Operation.swift */,
			);
			path = SwiftHTTP;
			sourceTree = "<group>";
		};
		EAF57FCE204E73C2001CA56D /* Common */ = {
			isa = PBXGroup;
			children = (
				EAF57FCF204E73C2001CA56D /* ASIHTTPRequestClient.h */,
				EAF57FD0204E73C2001CA56D /* ASIHTTPRequestClient.m */,
			);
			path = Common;
			sourceTree = "<group>";
		};
		EAF57FD1204E73C2001CA56D /* Reachability */ = {
			isa = PBXGroup;
			children = (
				EAF57FD2204E73C2001CA56D /* Reachability.m */,
				EAF57FD3204E73C2001CA56D /* Reachability.h */,
			);
			path = Reachability;
			sourceTree = "<group>";
		};
		EAF57FD4204E73C2001CA56D /* ASIHTTPRequest */ = {
			isa = PBXGroup;
			children = (
				EAF57FD5204E73C2001CA56D /* ASIDataCompressor.m */,
				EAF57FD6204E73C2001CA56D /* CloudFiles */,
				EAF57FE5204E73C2001CA56D /* S3 */,
				EAF57FF3204E73C2001CA56D /* ASIHTTPRequest.m */,
				EAF57FF4204E73C2001CA56D /* ASIHTTPRequestDelegate.h */,
				EAF57FF5204E73C2001CA56D /* ASINetworkQueue.h */,
				EAF57FF6204E73C2001CA56D /* ASIFormDataRequest.m */,
				EAF57FF7204E73C2001CA56D /* ASIHTTPRequestConfig.h */,
				EAF57FF8204E73C2001CA56D /* ASIDataDecompressor.m */,
				EAF57FF9204E73C2001CA56D /* ASIAuthenticationDialog.m */,
				EAF57FFA204E73C2001CA56D /* ASIInputStream.m */,
				EAF57FFB204E73C2001CA56D /* ASIDownloadCache.h */,
				EAF57FFC204E73C2001CA56D /* ASIHTTPRequest.h */,
				EAF57FFD204E73C2001CA56D /* ASICacheDelegate.h */,
				EAF57FFE204E73C2001CA56D /* ASIDataCompressor.h */,
				EAF57FFF204E73C2001CA56D /* ASIProgressDelegate.h */,
				EAF58000204E73C2001CA56D /* ASIFormDataRequest.h */,
				EAF58001204E73C2001CA56D /* ASINetworkQueue.m */,
				EAF58002204E73C2001CA56D /* ASIDataDecompressor.h */,
				EAF58003204E73C2001CA56D /* ASIDownloadCache.m */,
				EAF58004204E73C2001CA56D /* ASIInputStream.h */,
				EAF58005204E73C2001CA56D /* ASIWebPageRequest */,
				EAF58008204E73C2001CA56D /* ASIAuthenticationDialog.h */,
			);
			path = ASIHTTPRequest;
			sourceTree = "<group>";
		};
		EAF57FD6204E73C2001CA56D /* CloudFiles */ = {
			isa = PBXGroup;
			children = (
				EAF57FD7204E73C2001CA56D /* ASICloudFilesObjectRequest.h */,
				EAF57FD8204E73C2001CA56D /* ASICloudFilesCDNRequest.h */,
				EAF57FD9204E73C2001CA56D /* ASICloudFilesObject.h */,
				EAF57FDA204E73C2001CA56D /* ASICloudFilesContainerXMLParserDelegate.m */,
				EAF57FDB204E73C2001CA56D /* ASICloudFilesRequest.h */,
				EAF57FDC204E73C2001CA56D /* ASICloudFilesContainerRequest.m */,
				EAF57FDD204E73C2001CA56D /* ASICloudFilesContainer.m */,
				EAF57FDE204E73C2001CA56D /* ASICloudFilesCDNRequest.m */,
				EAF57FDF204E73C2001CA56D /* ASICloudFilesObjectRequest.m */,
				EAF57FE0204E73C2001CA56D /* ASICloudFilesContainerXMLParserDelegate.h */,
				EAF57FE1204E73C2001CA56D /* ASICloudFilesObject.m */,
				EAF57FE2204E73C2001CA56D /* ASICloudFilesContainer.h */,
				EAF57FE3204E73C2001CA56D /* ASICloudFilesContainerRequest.h */,
				EAF57FE4204E73C2001CA56D /* ASICloudFilesRequest.m */,
			);
			path = CloudFiles;
			sourceTree = "<group>";
		};
		EAF57FE5204E73C2001CA56D /* S3 */ = {
			isa = PBXGroup;
			children = (
				EAF57FE6204E73C2001CA56D /* ASIS3Bucket.m */,
				EAF57FE7204E73C2001CA56D /* ASIS3ServiceRequest.m */,
				EAF57FE8204E73C2001CA56D /* ASIS3ObjectRequest.m */,
				EAF57FE9204E73C2001CA56D /* ASIS3Request.m */,
				EAF57FEA204E73C2001CA56D /* ASIS3BucketRequest.m */,
				EAF57FEB204E73C2001CA56D /* ASINSXMLParserCompat.h */,
				EAF57FEC204E73C2001CA56D /* ASIS3BucketObject.h */,
				EAF57FED204E73C2001CA56D /* ASIS3Bucket.h */,
				EAF57FEE204E73C2001CA56D /* ASIS3BucketRequest.h */,
				EAF57FEF204E73C2001CA56D /* ASIS3Request.h */,
				EAF57FF0204E73C2001CA56D /* ASIS3ObjectRequest.h */,
				EAF57FF1204E73C2001CA56D /* ASIS3ServiceRequest.h */,
				EAF57FF2204E73C2001CA56D /* ASIS3BucketObject.m */,
			);
			path = S3;
			sourceTree = "<group>";
		};
		EAF58005204E73C2001CA56D /* ASIWebPageRequest */ = {
			isa = PBXGroup;
			children = (
				EAF58006204E73C2001CA56D /* ASIWebPageRequest.m */,
				EAF58007204E73C2001CA56D /* ASIWebPageRequest.h */,
			);
			path = ASIWebPageRequest;
			sourceTree = "<group>";
		};
/* End PBXGroup section */

/* Begin PBXNativeTarget section */
		EA1659D2204D1B14001472C1 /* Example_Swift */ = {
			isa = PBXNativeTarget;
			buildConfigurationList = EA1659E5204D1B14001472C1 /* Build configuration list for PBXNativeTarget "Example_Swift" */;
			buildPhases = (
				A77FF1369F498A79BF9F29DA /* [CP] Check Pods Manifest.lock */,
				EA1659CF204D1B14001472C1 /* Sources */,
				EA1659D0204D1B14001472C1 /* Frameworks */,
				EA1659D1204D1B14001472C1 /* Resources */,
				EAC29252214512A8006F07BD /* Embed Frameworks */,
			);
			buildRules = (
			);
			dependencies = (
			);
			name = Example_Swift;
			productName = Example_Swift;
			productReference = EA1659D3204D1B14001472C1 /* Example_Swift.app */;
			productType = "com.apple.product-type.application";
		};
		EA6B277520596883004D8E05 /* Example_SwiftTests */ = {
			isa = PBXNativeTarget;
			buildConfigurationList = EA6B277F20596883004D8E05 /* Build configuration list for PBXNativeTarget "Example_SwiftTests" */;
			buildPhases = (
				62A652DF6BA23AF3D8965131 /* [CP] Check Pods Manifest.lock */,
				EA6B277220596883004D8E05 /* Sources */,
				EA6B277320596883004D8E05 /* Frameworks */,
				EA6B277420596883004D8E05 /* Resources */,
			);
			buildRules = (
			);
			dependencies = (
				EA6B277C20596883004D8E05 /* PBXTargetDependency */,
			);
			name = Example_SwiftTests;
			productName = Example_SwiftTests;
			productReference = EA6B277620596883004D8E05 /* Example_SwiftTests.xctest */;
			productType = "com.apple.product-type.bundle.unit-test";
		};
/* End PBXNativeTarget section */

/* Begin PBXProject section */
		EA1659CB204D1B14001472C1 /* Project object */ = {
			isa = PBXProject;
			attributes = {
				LastSwiftUpdateCheck = 0920;
				LastUpgradeCheck = 1010;
				ORGANIZATIONNAME = liman;
				TargetAttributes = {
					EA1659D2204D1B14001472C1 = {
						CreatedOnToolsVersion = 9.2;
						LastSwiftMigration = 1020;
						ProvisioningStyle = Automatic;
					};
					EA6B277520596883004D8E05 = {
						CreatedOnToolsVersion = 9.2;
						LastSwiftMigration = 1020;
						ProvisioningStyle = Automatic;
						TestTargetID = EA1659D2204D1B14001472C1;
					};
				};
			};
			buildConfigurationList = EA1659CE204D1B14001472C1 /* Build configuration list for PBXProject "Example_Swift" */;
			compatibilityVersion = "Xcode 8.0";
			developmentRegion = en;
			hasScannedForEncodings = 0;
			knownRegions = (
				en,
				Base,
			);
			mainGroup = EA1659CA204D1B14001472C1;
			productRefGroup = EA1659D4204D1B14001472C1 /* Products */;
			projectDirPath = "";
			projectRoot = "";
			targets = (
				EA1659D2204D1B14001472C1 /* Example_Swift */,
				EA6B277520596883004D8E05 /* Example_SwiftTests */,
			);
		};
/* End PBXProject section */

/* Begin PBXResourcesBuildPhase section */
		EA1659D1204D1B14001472C1 /* Resources */ = {
			isa = PBXResourcesBuildPhase;
			buildActionMask = 2147483647;
			files = (
				EA1659E1204D1B14001472C1 /* LaunchScreen.storyboard in Resources */,
				3849FEA521E5E1DD00662E95 /* index.html in Resources */,
				383CB06221E5F58500398720 /* index2.html in Resources */,
				EA1659DE204D1B14001472C1 /* Assets.xcassets in Resources */,
				EA1659DC204D1B14001472C1 /* Main.storyboard in Resources */,
			);
			runOnlyForDeploymentPostprocessing = 0;
		};
		EA6B277420596883004D8E05 /* Resources */ = {
			isa = PBXResourcesBuildPhase;
			buildActionMask = 2147483647;
			files = (
			);
			runOnlyForDeploymentPostprocessing = 0;
		};
/* End PBXResourcesBuildPhase section */

/* Begin PBXShellScriptBuildPhase section */
		62A652DF6BA23AF3D8965131 /* [CP] Check Pods Manifest.lock */ = {
			isa = PBXShellScriptBuildPhase;
			buildActionMask = 2147483647;
			files = (
			);
			inputFileListPaths = (
			);
			inputPaths = (
				"${PODS_PODFILE_DIR_PATH}/Podfile.lock",
				"${PODS_ROOT}/Manifest.lock",
			);
			name = "[CP] Check Pods Manifest.lock";
			outputFileListPaths = (
			);
			outputPaths = (
				"$(DERIVED_FILE_DIR)/Pods-Example_SwiftTests-checkManifestLockResult.txt",
			);
			runOnlyForDeploymentPostprocessing = 0;
			shellPath = /bin/sh;
			shellScript = "diff \"${PODS_PODFILE_DIR_PATH}/Podfile.lock\" \"${PODS_ROOT}/Manifest.lock\" > /dev/null\nif [ $? != 0 ] ; then\n    # print error to STDERR\n    echo \"error: The sandbox is not in sync with the Podfile.lock. Run 'pod install' or update your CocoaPods installation.\" >&2\n    exit 1\nfi\n# This output is used by Xcode 'outputs' to avoid re-running this script phase.\necho \"SUCCESS\" > \"${SCRIPT_OUTPUT_FILE_0}\"\n";
			showEnvVarsInLog = 0;
		};
		A77FF1369F498A79BF9F29DA /* [CP] Check Pods Manifest.lock */ = {
			isa = PBXShellScriptBuildPhase;
			buildActionMask = 2147483647;
			files = (
			);
			inputFileListPaths = (
			);
			inputPaths = (
				"${PODS_PODFILE_DIR_PATH}/Podfile.lock",
				"${PODS_ROOT}/Manifest.lock",
			);
			name = "[CP] Check Pods Manifest.lock";
			outputFileListPaths = (
			);
			outputPaths = (
				"$(DERIVED_FILE_DIR)/Pods-Example_Swift-checkManifestLockResult.txt",
			);
			runOnlyForDeploymentPostprocessing = 0;
			shellPath = /bin/sh;
			shellScript = "diff \"${PODS_PODFILE_DIR_PATH}/Podfile.lock\" \"${PODS_ROOT}/Manifest.lock\" > /dev/null\nif [ $? != 0 ] ; then\n    # print error to STDERR\n    echo \"error: The sandbox is not in sync with the Podfile.lock. Run 'pod install' or update your CocoaPods installation.\" >&2\n    exit 1\nfi\n# This output is used by Xcode 'outputs' to avoid re-running this script phase.\necho \"SUCCESS\" > \"${SCRIPT_OUTPUT_FILE_0}\"\n";
			showEnvVarsInLog = 0;
		};
/* End PBXShellScriptBuildPhase section */

/* Begin PBXSourcesBuildPhase section */
		EA1659CF204D1B14001472C1 /* Sources */ = {
			isa = PBXSourcesBuildPhase;
			buildActionMask = 2147483647;
			files = (
				EAF5800E204E73C3001CA56D /* Result.swift in Sources */,
				EAF5802F204E73C3001CA56D /* ASIHTTPRequestClient.m in Sources */,
				EAF58029204E73C3001CA56D /* FormDataPart.swift in Sources */,
				EAF58033204E73C3001CA56D /* ASICloudFilesContainerRequest.m in Sources */,
				EAF5802A204E73C3001CA56D /* Request2.swift in Sources */,
				EAF5801E204E73C3001CA56D /* NSFileManager+Helpers.swift in Sources */,
				3875C6FA228F1A4800F6B626 /* WKWebViewTestController.swift in Sources */,
				EAF5801A204E73C3001CA56D /* NetworkActivityIndicator.swift in Sources */,
				EAF58018204E73C3001CA56D /* ServerTrustPolicy.swift in Sources */,
				EAF58041204E73C3001CA56D /* ASIDataDecompressor.m in Sources */,
				EAF58043204E73C3001CA56D /* ASIInputStream.m in Sources */,
				EAF5800C204E73C3001CA56D /* Timeline.swift in Sources */,
				EAF58009204E73C3001CA56D /* TaskDelegate.swift in Sources */,
				EAF5801F204E73C3001CA56D /* Networking.swift in Sources */,
				EAF58046204E73C3001CA56D /* ASIWebPageRequest.m in Sources */,
				EAF58014204E73C3001CA56D /* Alamofire.swift in Sources */,
				EAF58026204E73C3001CA56D /* Deprecated.swift in Sources */,
				EAF5803F204E73C3001CA56D /* ASIHTTPRequest.m in Sources */,
				EAF58035204E73C3001CA56D /* ASICloudFilesCDNRequest.m in Sources */,
				EAF58025204E73C3001CA56D /* Networking+POST.swift in Sources */,
				EAF5801C204E73C3001CA56D /* Networking+GET.swift in Sources */,
				EAF5802B204E73C3001CA56D /* StatusCode.swift in Sources */,
				EAF5802E204E73C3001CA56D /* Operation.swift in Sources */,
				EAF58020204E73C3001CA56D /* Dictionary+FormURLEncoded.swift in Sources */,
				EAF5803C204E73C3001CA56D /* ASIS3Request.m in Sources */,
				EAF5800D204E73C3001CA56D /* DispatchQueue+Alamofire.swift in Sources */,
				EAF5803E204E73C3001CA56D /* ASIS3BucketObject.m in Sources */,
				EAF58039204E73C3001CA56D /* ASIS3Bucket.m in Sources */,
				EAF58045204E73C3001CA56D /* ASIDownloadCache.m in Sources */,
				EAF58040204E73C3001CA56D /* ASIFormDataRequest.m in Sources */,
				EAF5803A204E73C3001CA56D /* ASIS3ServiceRequest.m in Sources */,
				EAF58027204E73C3001CA56D /* Networking+Download.swift in Sources */,
				EAF58044204E73C3001CA56D /* ASINetworkQueue.m in Sources */,
				EAF58010204E73C3001CA56D /* AFError.swift in Sources */,
				EAF58031204E73C3001CA56D /* ASIDataCompressor.m in Sources */,
				EAF58028204E73C3001CA56D /* TestCheck.swift in Sources */,
				EAF58022204E73C3001CA56D /* JSON.swift in Sources */,
				EAF58023204E73C3001CA56D /* NetworkingImage.swift in Sources */,
				EAF58036204E73C3001CA56D /* ASICloudFilesObjectRequest.m in Sources */,
				EAF58015204E73C3001CA56D /* Request.swift in Sources */,
				EAF58019204E73C3001CA56D /* SessionDelegate.swift in Sources */,
				EAF58021204E73C3001CA56D /* String+UTF8.swift in Sources */,
				EAF5801D204E73C3001CA56D /* Networking+PUT.swift in Sources */,
				EAF58024204E73C3001CA56D /* CharacterSet+Encoding.swift in Sources */,
				EAF58017204E73C3001CA56D /* ResponseSerialization.swift in Sources */,
				EAF58034204E73C3001CA56D /* ASICloudFilesContainer.m in Sources */,
				EAF5800F204E73C3001CA56D /* ParameterEncoding.swift in Sources */,
				EAF58032204E73C3001CA56D /* ASICloudFilesContainerXMLParserDelegate.m in Sources */,
				EAF5802D204E73C3001CA56D /* HTTPSecurity.swift in Sources */,
				EAF58011204E73C3001CA56D /* Validation.swift in Sources */,
				EAF58030204E73C3001CA56D /* Reachability.m in Sources */,
				EAF5803B204E73C3001CA56D /* ASIS3ObjectRequest.m in Sources */,
				EAF5800B204E73C3001CA56D /* NetworkReachabilityManager.swift in Sources */,
				EAF58037204E73C3001CA56D /* ASICloudFilesObject.m in Sources */,
				EAF5801B204E73C3001CA56D /* Networking+DELETE.swift in Sources */,
				EA1659D9204D1B14001472C1 /* ViewController.swift in Sources */,
				EAF5803D204E73C3001CA56D /* ASIS3BucketRequest.m in Sources */,
				EAF58038204E73C3001CA56D /* ASICloudFilesRequest.m in Sources */,
				EAF58042204E73C3001CA56D /* ASIAuthenticationDialog.m in Sources */,
				3875C6F8228F1A3A00F6B626 /* UIWebViewTestController.swift in Sources */,
				EAF58013204E73C3001CA56D /* Response.swift in Sources */,
				EAF5800A204E73C3001CA56D /* MultipartFormData.swift in Sources */,
				EAF58012204E73C3001CA56D /* Notifications.swift in Sources */,
				EAF58016204E73C3001CA56D /* SessionManager.swift in Sources */,
				EA1659D7204D1B14001472C1 /* AppDelegate.swift in Sources */,
				EAF5802C204E73C3001CA56D /* Upload.swift in Sources */,
			);
			runOnlyForDeploymentPostprocessing = 0;
		};
		EA6B277220596883004D8E05 /* Sources */ = {
			isa = PBXSourcesBuildPhase;
			buildActionMask = 2147483647;
			files = (
				EA6B277920596883004D8E05 /* Example_SwiftTests.swift in Sources */,
			);
			runOnlyForDeploymentPostprocessing = 0;
		};
/* End PBXSourcesBuildPhase section */

/* Begin PBXTargetDependency section */
		EA6B277C20596883004D8E05 /* PBXTargetDependency */ = {
			isa = PBXTargetDependency;
			target = EA1659D2204D1B14001472C1 /* Example_Swift */;
			targetProxy = EA6B277B20596883004D8E05 /* PBXContainerItemProxy */;
		};
/* End PBXTargetDependency section */

/* Begin PBXVariantGroup section */
		EA1659DA204D1B14001472C1 /* Main.storyboard */ = {
			isa = PBXVariantGroup;
			children = (
				EA1659DB204D1B14001472C1 /* Base */,
			);
			name = Main.storyboard;
			sourceTree = "<group>";
		};
		EA1659DF204D1B14001472C1 /* LaunchScreen.storyboard */ = {
			isa = PBXVariantGroup;
			children = (
				EA1659E0204D1B14001472C1 /* Base */,
			);
			name = LaunchScreen.storyboard;
			sourceTree = "<group>";
		};
/* End PBXVariantGroup section */

/* Begin XCBuildConfiguration section */
		EA1659E3204D1B14001472C1 /* Debug */ = {
			isa = XCBuildConfiguration;
			buildSettings = {
				ALWAYS_SEARCH_USER_PATHS = NO;
				CLANG_ANALYZER_NONNULL = YES;
				CLANG_ANALYZER_NUMBER_OBJECT_CONVERSION = YES_AGGRESSIVE;
				CLANG_CXX_LANGUAGE_STANDARD = "gnu++14";
				CLANG_CXX_LIBRARY = "libc++";
				CLANG_ENABLE_MODULES = YES;
				CLANG_ENABLE_OBJC_ARC = YES;
				CLANG_WARN_BLOCK_CAPTURE_AUTORELEASING = YES;
				CLANG_WARN_BOOL_CONVERSION = YES;
				CLANG_WARN_COMMA = YES;
				CLANG_WARN_CONSTANT_CONVERSION = YES;
				CLANG_WARN_DEPRECATED_OBJC_IMPLEMENTATIONS = YES;
				CLANG_WARN_DIRECT_OBJC_ISA_USAGE = YES_ERROR;
				CLANG_WARN_DOCUMENTATION_COMMENTS = YES;
				CLANG_WARN_EMPTY_BODY = YES;
				CLANG_WARN_ENUM_CONVERSION = YES;
				CLANG_WARN_INFINITE_RECURSION = YES;
				CLANG_WARN_INT_CONVERSION = YES;
				CLANG_WARN_NON_LITERAL_NULL_CONVERSION = YES;
				CLANG_WARN_OBJC_IMPLICIT_RETAIN_SELF = YES;
				CLANG_WARN_OBJC_LITERAL_CONVERSION = YES;
				CLANG_WARN_OBJC_ROOT_CLASS = YES_ERROR;
				CLANG_WARN_RANGE_LOOP_ANALYSIS = YES;
				CLANG_WARN_STRICT_PROTOTYPES = YES;
				CLANG_WARN_SUSPICIOUS_MOVE = YES;
				CLANG_WARN_UNGUARDED_AVAILABILITY = YES_AGGRESSIVE;
				CLANG_WARN_UNREACHABLE_CODE = YES;
				CLANG_WARN__DUPLICATE_METHOD_MATCH = YES;
				CODE_SIGN_IDENTITY = "iPhone Developer";
				COPY_PHASE_STRIP = NO;
				DEBUG_INFORMATION_FORMAT = dwarf;
				ENABLE_STRICT_OBJC_MSGSEND = YES;
				ENABLE_TESTABILITY = YES;
				GCC_C_LANGUAGE_STANDARD = gnu11;
				GCC_DYNAMIC_NO_PIC = NO;
				GCC_NO_COMMON_BLOCKS = YES;
				GCC_OPTIMIZATION_LEVEL = 0;
				GCC_PREPROCESSOR_DEFINITIONS = (
					"DEBUG=1",
					"$(inherited)",
				);
				GCC_WARN_64_TO_32_BIT_CONVERSION = YES;
				GCC_WARN_ABOUT_RETURN_TYPE = YES_ERROR;
				GCC_WARN_UNDECLARED_SELECTOR = YES;
				GCC_WARN_UNINITIALIZED_AUTOS = YES_AGGRESSIVE;
				GCC_WARN_UNUSED_FUNCTION = YES;
				GCC_WARN_UNUSED_VARIABLE = YES;
				IPHONEOS_DEPLOYMENT_TARGET = 11.2;
				MTL_ENABLE_DEBUG_INFO = YES;
				ONLY_ACTIVE_ARCH = YES;
				SDKROOT = iphoneos;
				SWIFT_ACTIVE_COMPILATION_CONDITIONS = DEBUG;
				SWIFT_OPTIMIZATION_LEVEL = "-Onone";
				SWIFT_VERSION = 5.0;
			};
			name = Debug;
		};
		EA1659E4204D1B14001472C1 /* Release */ = {
			isa = XCBuildConfiguration;
			buildSettings = {
				ALWAYS_SEARCH_USER_PATHS = NO;
				CLANG_ANALYZER_NONNULL = YES;
				CLANG_ANALYZER_NUMBER_OBJECT_CONVERSION = YES_AGGRESSIVE;
				CLANG_CXX_LANGUAGE_STANDARD = "gnu++14";
				CLANG_CXX_LIBRARY = "libc++";
				CLANG_ENABLE_MODULES = YES;
				CLANG_ENABLE_OBJC_ARC = YES;
				CLANG_WARN_BLOCK_CAPTURE_AUTORELEASING = YES;
				CLANG_WARN_BOOL_CONVERSION = YES;
				CLANG_WARN_COMMA = YES;
				CLANG_WARN_CONSTANT_CONVERSION = YES;
				CLANG_WARN_DEPRECATED_OBJC_IMPLEMENTATIONS = YES;
				CLANG_WARN_DIRECT_OBJC_ISA_USAGE = YES_ERROR;
				CLANG_WARN_DOCUMENTATION_COMMENTS = YES;
				CLANG_WARN_EMPTY_BODY = YES;
				CLANG_WARN_ENUM_CONVERSION = YES;
				CLANG_WARN_INFINITE_RECURSION = YES;
				CLANG_WARN_INT_CONVERSION = YES;
				CLANG_WARN_NON_LITERAL_NULL_CONVERSION = YES;
				CLANG_WARN_OBJC_IMPLICIT_RETAIN_SELF = YES;
				CLANG_WARN_OBJC_LITERAL_CONVERSION = YES;
				CLANG_WARN_OBJC_ROOT_CLASS = YES_ERROR;
				CLANG_WARN_RANGE_LOOP_ANALYSIS = YES;
				CLANG_WARN_STRICT_PROTOTYPES = YES;
				CLANG_WARN_SUSPICIOUS_MOVE = YES;
				CLANG_WARN_UNGUARDED_AVAILABILITY = YES_AGGRESSIVE;
				CLANG_WARN_UNREACHABLE_CODE = YES;
				CLANG_WARN__DUPLICATE_METHOD_MATCH = YES;
				CODE_SIGN_IDENTITY = "iPhone Developer";
				COPY_PHASE_STRIP = NO;
				DEBUG_INFORMATION_FORMAT = "dwarf-with-dsym";
				ENABLE_NS_ASSERTIONS = NO;
				ENABLE_STRICT_OBJC_MSGSEND = YES;
				GCC_C_LANGUAGE_STANDARD = gnu11;
				GCC_NO_COMMON_BLOCKS = YES;
				GCC_WARN_64_TO_32_BIT_CONVERSION = YES;
				GCC_WARN_ABOUT_RETURN_TYPE = YES_ERROR;
				GCC_WARN_UNDECLARED_SELECTOR = YES;
				GCC_WARN_UNINITIALIZED_AUTOS = YES_AGGRESSIVE;
				GCC_WARN_UNUSED_FUNCTION = YES;
				GCC_WARN_UNUSED_VARIABLE = YES;
				IPHONEOS_DEPLOYMENT_TARGET = 11.2;
				MTL_ENABLE_DEBUG_INFO = NO;
				SDKROOT = iphoneos;
				SWIFT_OPTIMIZATION_LEVEL = "-Owholemodule";
				SWIFT_VERSION = 5.0;
				VALIDATE_PRODUCT = YES;
			};
			name = Release;
		};
		EA1659E6204D1B14001472C1 /* Debug */ = {
			isa = XCBuildConfiguration;
			baseConfigurationReference = B5D880F04321587289850C6A /* Pods-Example_Swift.debug.xcconfig */;
			buildSettings = {
				ASSETCATALOG_COMPILER_APPICON_NAME = AppIcon;
				CLANG_ENABLE_MODULES = YES;
				CODE_SIGN_IDENTITY = "iPhone Developer";
				CODE_SIGN_STYLE = Automatic;
				DEVELOPMENT_TEAM = XA8SWALX42;
				FRAMEWORK_SEARCH_PATHS = (
					"${SDK_DIR}/usr/include/libxml2",
					"$(PROJECT_DIR)",
					"$(USER_LIBRARY_DIR)/Application\\ Support/Reveal/RevealServer/iOS",
				);
				HEADER_SEARCH_PATHS = "${SDK_DIR}/usr/include/libxml2";
				INFOPLIST_FILE = Example_Swift/Info.plist;
				IPHONEOS_DEPLOYMENT_TARGET = 8.0;
				LD_RUNPATH_SEARCH_PATHS = "$(inherited) @executable_path/Frameworks";
				OTHER_LDFLAGS = "-lxml2";
				PRODUCT_BUNDLE_IDENTIFIER = com.Example.Swift;
				PRODUCT_NAME = "$(TARGET_NAME)";
				PROVISIONING_PROFILE_SPECIFIER = "";
				SWIFT_OBJC_BRIDGING_HEADER = "Example_Swift/Example_Swift-Bridging-Header.h";
				SWIFT_OPTIMIZATION_LEVEL = "-Onone";
				SWIFT_VERSION = 5.0;
				TARGETED_DEVICE_FAMILY = "1,2";
			};
			name = Debug;
		};
		EA1659E7204D1B14001472C1 /* Release */ = {
			isa = XCBuildConfiguration;
			baseConfigurationReference = 35BFFB6121345D54CC92B19E /* Pods-Example_Swift.release.xcconfig */;
			buildSettings = {
				ASSETCATALOG_COMPILER_APPICON_NAME = AppIcon;
				CLANG_ENABLE_MODULES = YES;
				CODE_SIGN_IDENTITY = "iPhone Developer";
				CODE_SIGN_STYLE = Automatic;
				DEVELOPMENT_TEAM = XA8SWALX42;
				FRAMEWORK_SEARCH_PATHS = (
					"${SDK_DIR}/usr/include/libxml2",
					"$(PROJECT_DIR)",
					"$(USER_LIBRARY_DIR)/Application\\ Support/Reveal/RevealServer/iOS",
				);
				HEADER_SEARCH_PATHS = "${SDK_DIR}/usr/include/libxml2";
				INFOPLIST_FILE = Example_Swift/Info.plist;
				IPHONEOS_DEPLOYMENT_TARGET = 8.0;
				LD_RUNPATH_SEARCH_PATHS = "$(inherited) @executable_path/Frameworks";
				OTHER_LDFLAGS = "-lxml2";
				PRODUCT_BUNDLE_IDENTIFIER = com.Example.Swift;
				PRODUCT_NAME = "$(TARGET_NAME)";
				PROVISIONING_PROFILE_SPECIFIER = "";
				SWIFT_OBJC_BRIDGING_HEADER = "Example_Swift/Example_Swift-Bridging-Header.h";
				SWIFT_VERSION = 5.0;
				TARGETED_DEVICE_FAMILY = "1,2";
			};
			name = Release;
		};
		EA6B277D20596883004D8E05 /* Debug */ = {
			isa = XCBuildConfiguration;
			baseConfigurationReference = 538DDF3506213B5E70B52980 /* Pods-Example_SwiftTests.debug.xcconfig */;
			buildSettings = {
				BUNDLE_LOADER = "$(TEST_HOST)";
				CODE_SIGN_STYLE = Automatic;
				DEVELOPMENT_TEAM = XA8SWALX42;
				INFOPLIST_FILE = Example_SwiftTests/Info.plist;
				LD_RUNPATH_SEARCH_PATHS = "$(inherited) @executable_path/Frameworks @loader_path/Frameworks";
				PRODUCT_BUNDLE_IDENTIFIER = com.Example.SwiftTests;
				PRODUCT_NAME = "$(TARGET_NAME)";
				SWIFT_VERSION = 5.0;
				TARGETED_DEVICE_FAMILY = "1,2";
				TEST_HOST = "$(BUILT_PRODUCTS_DIR)/Example_Swift.app/Example_Swift";
			};
			name = Debug;
		};
		EA6B277E20596883004D8E05 /* Release */ = {
			isa = XCBuildConfiguration;
			baseConfigurationReference = 6FA75ED67AC76C34B07D95AA /* Pods-Example_SwiftTests.release.xcconfig */;
			buildSettings = {
				BUNDLE_LOADER = "$(TEST_HOST)";
				CODE_SIGN_STYLE = Automatic;
				DEVELOPMENT_TEAM = XA8SWALX42;
				INFOPLIST_FILE = Example_SwiftTests/Info.plist;
				LD_RUNPATH_SEARCH_PATHS = "$(inherited) @executable_path/Frameworks @loader_path/Frameworks";
				PRODUCT_BUNDLE_IDENTIFIER = com.Example.SwiftTests;
				PRODUCT_NAME = "$(TARGET_NAME)";
				SWIFT_VERSION = 5.0;
				TARGETED_DEVICE_FAMILY = "1,2";
				TEST_HOST = "$(BUILT_PRODUCTS_DIR)/Example_Swift.app/Example_Swift";
			};
			name = Release;
		};
/* End XCBuildConfiguration section */

/* Begin XCConfigurationList section */
		EA1659CE204D1B14001472C1 /* Build configuration list for PBXProject "Example_Swift" */ = {
			isa = XCConfigurationList;
			buildConfigurations = (
				EA1659E3204D1B14001472C1 /* Debug */,
				EA1659E4204D1B14001472C1 /* Release */,
			);
			defaultConfigurationIsVisible = 0;
			defaultConfigurationName = Release;
		};
		EA1659E5204D1B14001472C1 /* Build configuration list for PBXNativeTarget "Example_Swift" */ = {
			isa = XCConfigurationList;
			buildConfigurations = (
				EA1659E6204D1B14001472C1 /* Debug */,
				EA1659E7204D1B14001472C1 /* Release */,
			);
			defaultConfigurationIsVisible = 0;
			defaultConfigurationName = Release;
		};
		EA6B277F20596883004D8E05 /* Build configuration list for PBXNativeTarget "Example_SwiftTests" */ = {
			isa = XCConfigurationList;
			buildConfigurations = (
				EA6B277D20596883004D8E05 /* Debug */,
				EA6B277E20596883004D8E05 /* Release */,
			);
			defaultConfigurationIsVisible = 0;
			defaultConfigurationName = Release;
		};
/* End XCConfigurationList section */
	};
	rootObject = EA1659CB204D1B14001472C1 /* Project object */;
}
