// !$*UTF8*$!
{
	archiveVersion = 1;
	classes = {
	};
	objectVersion = 50;
	objects = {

/* Begin PBXBuildFile section */
		382BD38024E153400032D887 /* AppDelegate.swift in Sources */ = {isa = PBXBuildFile; fileRef = 382BD37F24E153400032D887 /* AppDelegate.swift */; };
		382BD38224E153410032D887 /* SceneDelegate.swift in Sources */ = {isa = PBXBuildFile; fileRef = 382BD38124E153410032D887 /* SceneDelegate.swift */; };
		382BD38424E153410032D887 /* ViewController.swift in Sources */ = {isa = PBXBuildFile; fileRef = 382BD38324E153410032D887 /* ViewController.swift */; };
		382BD38724E153410032D887 /* Main.storyboard in Resources */ = {isa = PBXBuildFile; fileRef = 382BD38524E153410032D887 /* Main.storyboard */; };
		382BD38924E153420032D887 /* Assets.xcassets in Resources */ = {isa = PBXBuildFile; fileRef = 382BD38824E153420032D887 /* Assets.xcassets */; };
		382BD38C24E153420032D887 /* LaunchScreen.storyboard in Resources */ = {isa = PBXBuildFile; fileRef = 382BD38A24E153420032D887 /* LaunchScreen.storyboard */; };
		382BD39A24E153D60032D887 /* Example_TestTests.swift in Sources */ = {isa = PBXBuildFile; fileRef = 382BD39924E153D60032D887 /* Example_TestTests.swift */; };
/* End PBXBuildFile section */

/* Begin PBXContainerItemProxy section */
		382BD39C24E153D60032D887 /* PBXContainerItemProxy */ = {
			isa = PBXContainerItemProxy;
			containerPortal = 382BD37424E153400032D887 /* Project object */;
			proxyType = 1;
			remoteGlobalIDString = 382BD37B24E153400032D887;
			remoteInfo = Example_Test;
		};
/* End PBXContainerItemProxy section */

/* Begin PBXFileReference section */
		382BD37C24E153400032D887 /* Example_Test.app */ = {isa = PBXFileReference; explicitFileType = wrapper.application; includeInIndex = 0; path = Example_Test.app; sourceTree = BUILT_PRODUCTS_DIR; };
		382BD37F24E153400032D887 /* AppDelegate.swift */ = {isa = PBXFileReference; lastKnownFileType = sourcecode.swift; path = AppDelegate.swift; sourceTree = "<group>"; };
		382BD38124E153410032D887 /* SceneDelegate.swift */ = {isa = PBXFileReference; lastKnownFileType = sourcecode.swift; path = SceneDelegate.swift; sourceTree = "<group>"; };
		382BD38324E153410032D887 /* ViewController.swift */ = {isa = PBXFileReference; lastKnownFileType = sourcecode.swift; path = ViewController.swift; sourceTree = "<group>"; };
		382BD38624E153410032D887 /* Base */ = {isa = PBXFileReference; lastKnownFileType = file.storyboard; name = Base; path = Base.lproj/Main.storyboard; sourceTree = "<group>"; };
		382BD38824E153420032D887 /* Assets.xcassets */ = {isa = PBXFileReference; lastKnownFileType = folder.assetcatalog; path = Assets.xcassets; sourceTree = "<group>"; };
		382BD38B24E153420032D887 /* Base */ = {isa = PBXFileReference; lastKnownFileType = file.storyboard; name = Base; path = Base.lproj/LaunchScreen.storyboard; sourceTree = "<group>"; };
		382BD38D24E153420032D887 /* Info.plist */ = {isa = PBXFileReference; lastKnownFileType = text.plist.xml; path = Info.plist; sourceTree = "<group>"; };
		382BD39724E153D60032D887 /* Example_TestTests.xctest */ = {isa = PBXFileReference; explicitFileType = wrapper.cfbundle; includeInIndex = 0; path = Example_TestTests.xctest; sourceTree = BUILT_PRODUCTS_DIR; };
		382BD39924E153D60032D887 /* Example_TestTests.swift */ = {isa = PBXFileReference; lastKnownFileType = sourcecode.swift; path = Example_TestTests.swift; sourceTree = "<group>"; };
		382BD39B24E153D60032D887 /* Info.plist */ = {isa = PBXFileReference; lastKnownFileType = text.plist.xml; path = Info.plist; sourceTree = "<group>"; };
/* End PBXFileReference section */

/* Begin PBXFrameworksBuildPhase section */
		382BD37924E153400032D887 /* Frameworks */ = {
			isa = PBXFrameworksBuildPhase;
			buildActionMask = 2147483647;
			files = (
			);
			runOnlyForDeploymentPostprocessing = 0;
		};
		382BD39424E153D60032D887 /* Frameworks */ = {
			isa = PBXFrameworksBuildPhase;
			buildActionMask = 2147483647;
			files = (
			);
			runOnlyForDeploymentPostprocessing = 0;
		};
/* End PBXFrameworksBuildPhase section */

/* Begin PBXGroup section */
		382BD37324E153400032D887 = {
			isa = PBXGroup;
			children = (
				382BD37E24E153400032D887 /* Example_Test */,
				382BD39824E153D60032D887 /* Example_TestTests */,
				382BD37D24E153400032D887 /* Products */,
			);
			sourceTree = "<group>";
		};
		382BD37D24E153400032D887 /* Products */ = {
			isa = PBXGroup;
			children = (
				382BD37C24E153400032D887 /* Example_Test.app */,
				382BD39724E153D60032D887 /* Example_TestTests.xctest */,
			);
			name = Products;
			sourceTree = "<group>";
		};
		382BD37E24E153400032D887 /* Example_Test */ = {
			isa = PBXGroup;
			children = (
				382BD37F24E153400032D887 /* AppDelegate.swift */,
				382BD38124E153410032D887 /* SceneDelegate.swift */,
				382BD38324E153410032D887 /* ViewController.swift */,
				382BD38524E153410032D887 /* Main.storyboard */,
				382BD38824E153420032D887 /* Assets.xcassets */,
				382BD38A24E153420032D887 /* LaunchScreen.storyboard */,
				382BD38D24E153420032D887 /* Info.plist */,
			);
			path = Example_Test;
			sourceTree = "<group>";
		};
		382BD39824E153D60032D887 /* Example_TestTests */ = {
			isa = PBXGroup;
			children = (
				382BD39924E153D60032D887 /* Example_TestTests.swift */,
				382BD39B24E153D60032D887 /* Info.plist */,
			);
			path = Example_TestTests;
			sourceTree = "<group>";
		};
/* End PBXGroup section */

/* Begin PBXNativeTarget section */
		382BD37B24E153400032D887 /* Example_Test */ = {
			isa = PBXNativeTarget;
			buildConfigurationList = 382BD39024E153420032D887 /* Build configuration list for PBXNativeTarget "Example_Test" */;
			buildPhases = (
				382BD37824E153400032D887 /* Sources */,
				382BD37924E153400032D887 /* Frameworks */,
				382BD37A24E153400032D887 /* Resources */,
			);
			buildRules = (
			);
			dependencies = (
			);
			name = Example_Test;
			productName = Example_Test;
			productReference = 382BD37C24E153400032D887 /* Example_Test.app */;
			productType = "com.apple.product-type.application";
		};
		382BD39624E153D60032D887 /* Example_TestTests */ = {
			isa = PBXNativeTarget;
			buildConfigurationList = 382BD3A024E153D60032D887 /* Build configuration list for PBXNativeTarget "Example_TestTests" */;
			buildPhases = (
				382BD39324E153D60032D887 /* Sources */,
				382BD39424E153D60032D887 /* Frameworks */,
				382BD39524E153D60032D887 /* Resources */,
			);
			buildRules = (
			);
			dependencies = (
				382BD39D24E153D60032D887 /* PBXTargetDependency */,
			);
			name = Example_TestTests;
			productName = Example_TestTests;
			productReference = 382BD39724E153D60032D887 /* Example_TestTests.xctest */;
			productType = "com.apple.product-type.bundle.unit-test";
		};
/* End PBXNativeTarget section */

/* Begin PBXProject section */
		382BD37424E153400032D887 /* Project object */ = {
			isa = PBXProject;
			attributes = {
				LastSwiftUpdateCheck = 1160;
				LastUpgradeCheck = 1160;
				ORGANIZATIONNAME = man;
				TargetAttributes = {
					382BD37B24E153400032D887 = {
						CreatedOnToolsVersion = 11.6;
					};
					382BD39624E153D60032D887 = {
						CreatedOnToolsVersion = 11.6;
						TestTargetID = 382BD37B24E153400032D887;
					};
				};
			};
			buildConfigurationList = 382BD37724E153400032D887 /* Build configuration list for PBXProject "Example_Test" */;
			compatibilityVersion = "Xcode 9.3";
			developmentRegion = en;
			hasScannedForEncodings = 0;
			knownRegions = (
				en,
				Base,
			);
			mainGroup = 382BD37324E153400032D887;
			productRefGroup = 382BD37D24E153400032D887 /* Products */;
			projectDirPath = "";
			projectRoot = "";
			targets = (
				382BD37B24E153400032D887 /* Example_Test */,
				382BD39624E153D60032D887 /* Example_TestTests */,
			);
		};
/* End PBXProject section */

/* Begin PBXResourcesBuildPhase section */
		382BD37A24E153400032D887 /* Resources */ = {
			isa = PBXResourcesBuildPhase;
			buildActionMask = 2147483647;
			files = (
				382BD38C24E153420032D887 /* LaunchScreen.storyboard in Resources */,
				382BD38924E153420032D887 /* Assets.xcassets in Resources */,
				382BD38724E153410032D887 /* Main.storyboard in Resources */,
			);
			runOnlyForDeploymentPostprocessing = 0;
		};
		382BD39524E153D60032D887 /* Resources */ = {
			isa = PBXResourcesBuildPhase;
			buildActionMask = 2147483647;
			files = (
			);
			runOnlyForDeploymentPostprocessing = 0;
		};
/* End PBXResourcesBuildPhase section */

/* Begin PBXSourcesBuildPhase section */
		382BD37824E153400032D887 /* Sources */ = {
			isa = PBXSourcesBuildPhase;
			buildActionMask = 2147483647;
			files = (
				382BD38424E153410032D887 /* ViewController.swift in Sources */,
				382BD38024E153400032D887 /* AppDelegate.swift in Sources */,
				382BD38224E153410032D887 /* SceneDelegate.swift in Sources */,
			);
			runOnlyForDeploymentPostprocessing = 0;
		};
		382BD39324E153D60032D887 /* Sources */ = {
			isa = PBXSourcesBuildPhase;
			buildActionMask = 2147483647;
			files = (
				382BD39A24E153D60032D887 /* Example_TestTests.swift in Sources */,
			);
			runOnlyForDeploymentPostprocessing = 0;
		};
/* End PBXSourcesBuildPhase section */

/* Begin PBXTargetDependency section */
		382BD39D24E153D60032D887 /* PBXTargetDependency */ = {
			isa = PBXTargetDependency;
			target = 382BD37B24E153400032D887 /* Example_Test */;
			targetProxy = 382BD39C24E153D60032D887 /* PBXContainerItemProxy */;
		};
/* End PBXTargetDependency section */

/* Begin PBXVariantGroup section */
		382BD38524E153410032D887 /* Main.storyboard */ = {
			isa = PBXVariantGroup;
			children = (
				382BD38624E153410032D887 /* Base */,
			);
			name = Main.storyboard;
			sourceTree = "<group>";
		};
		382BD38A24E153420032D887 /* LaunchScreen.storyboard */ = {
			isa = PBXVariantGroup;
			children = (
				382BD38B24E153420032D887 /* Base */,
			);
			name = LaunchScreen.storyboard;
			sourceTree = "<group>";
		};
/* End PBXVariantGroup section */

/* Begin XCBuildConfiguration section */
		382BD38E24E153420032D887 /* Debug */ = {
			isa = XCBuildConfiguration;
			buildSettings = {
				ALWAYS_SEARCH_USER_PATHS = NO;
				CLANG_ANALYZER_NONNULL = YES;
				CLANG_ANALYZER_NUMBER_OBJECT_CONVERSION = YES_AGGRESSIVE;
				CLANG_CXX_LANGUAGE_STANDARD = "gnu++14";
				CLANG_CXX_LIBRARY = "libc++";
				CLANG_ENABLE_MODULES = YES;
				CLANG_ENABLE_OBJC_ARC = YES;
				CLANG_ENABLE_OBJC_WEAK = YES;
				CLANG_WARN_BLOCK_CAPTURE_AUTORELEASING = YES;
				CLANG_WARN_BOOL_CONVERSION = YES;
				CLANG_WARN_COMMA = YES;
				CLANG_WARN_CONSTANT_CONVERSION = YES;
				CLANG_WARN_DEPRECATED_OBJC_IMPLEMENTATIONS = YES;
				CLANG_WARN_DIRECT_OBJC_ISA_USAGE = YES_ERROR;
				CLANG_WARN_DOCUMENTATION_COMMENTS = YES;
				CLANG_WARN_EMPTY_BODY = YES;
				CLANG_WARN_ENUM_CONVERSION = YES;
				CLANG_WARN_INFINITE_RECURSION = YES;
				CLANG_WARN_INT_CONVERSION = YES;
				CLANG_WARN_NON_LITERAL_NULL_CONVERSION = YES;
				CLANG_WARN_OBJC_IMPLICIT_RETAIN_SELF = YES;
				CLANG_WARN_OBJC_LITERAL_CONVERSION = YES;
				CLANG_WARN_OBJC_ROOT_CLASS = YES_ERROR;
				CLANG_WARN_RANGE_LOOP_ANALYSIS = YES;
				CLANG_WARN_STRICT_PROTOTYPES = YES;
				CLANG_WARN_SUSPICIOUS_MOVE = YES;
				CLANG_WARN_UNGUARDED_AVAILABILITY = YES_AGGRESSIVE;
				CLANG_WARN_UNREACHABLE_CODE = YES;
				CLANG_WARN__DUPLICATE_METHOD_MATCH = YES;
				COPY_PHASE_STRIP = NO;
				DEBUG_INFORMATION_FORMAT = dwarf;
				ENABLE_STRICT_OBJC_MSGSEND = YES;
				ENABLE_TESTABILITY = YES;
				GCC_C_LANGUAGE_STANDARD = gnu11;
				GCC_DYNAMIC_NO_PIC = NO;
				GCC_NO_COMMON_BLOCKS = YES;
				GCC_OPTIMIZATION_LEVEL = 0;
				GCC_PREPROCESSOR_DEFINITIONS = (
					"DEBUG=1",
					"$(inherited)",
				);
				GCC_WARN_64_TO_32_BIT_CONVERSION = YES;
				GCC_WARN_ABOUT_RETURN_TYPE = YES_ERROR;
				GCC_WARN_UNDECLARED_SELECTOR = YES;
				GCC_WARN_UNINITIALIZED_AUTOS = YES_AGGRESSIVE;
				GCC_WARN_UNUSED_FUNCTION = YES;
				GCC_WARN_UNUSED_VARIABLE = YES;
				IPHONEOS_DEPLOYMENT_TARGET = 13.6;
				MTL_ENABLE_DEBUG_INFO = INCLUDE_SOURCE;
				MTL_FAST_MATH = YES;
				ONLY_ACTIVE_ARCH = YES;
				SDKROOT = iphoneos;
				SWIFT_ACTIVE_COMPILATION_CONDITIONS = DEBUG;
				SWIFT_OPTIMIZATION_LEVEL = "-Onone";
			};
			name = Debug;
		};
		382BD38F24E153420032D887 /* Release */ = {
			isa = XCBuildConfiguration;
			buildSettings = {
				ALWAYS_SEARCH_USER_PATHS = NO;
				CLANG_ANALYZER_NONNULL = YES;
				CLANG_ANALYZER_NUMBER_OBJECT_CONVERSION = YES_AGGRESSIVE;
				CLANG_CXX_LANGUAGE_STANDARD = "gnu++14";
				CLANG_CXX_LIBRARY = "libc++";
				CLANG_ENABLE_MODULES = YES;
				CLANG_ENABLE_OBJC_ARC = YES;
				CLANG_ENABLE_OBJC_WEAK = YES;
				CLANG_WARN_BLOCK_CAPTURE_AUTORELEASING = YES;
				CLANG_WARN_BOOL_CONVERSION = YES;
				CLANG_WARN_COMMA = YES;
				CLANG_WARN_CONSTANT_CONVERSION = YES;
				CLANG_WARN_DEPRECATED_OBJC_IMPLEMENTATIONS = YES;
				CLANG_WARN_DIRECT_OBJC_ISA_USAGE = YES_ERROR;
				CLANG_WARN_DOCUMENTATION_COMMENTS = YES;
				CLANG_WARN_EMPTY_BODY = YES;
				CLANG_WARN_ENUM_CONVERSION = YES;
				CLANG_WARN_INFINITE_RECURSION = YES;
				CLANG_WARN_INT_CONVERSION = YES;
				CLANG_WARN_NON_LITERAL_NULL_CONVERSION = YES;
				CLANG_WARN_OBJC_IMPLICIT_RETAIN_SELF = YES;
				CLANG_WARN_OBJC_LITERAL_CONVERSION = YES;
				CLANG_WARN_OBJC_ROOT_CLASS = YES_ERROR;
				CLANG_WARN_RANGE_LOOP_ANALYSIS = YES;
				CLANG_WARN_STRICT_PROTOTYPES = YES;
				CLANG_WARN_SUSPICIOUS_MOVE = YES;
				CLANG_WARN_UNGUARDED_AVAILABILITY = YES_AGGRESSIVE;
				CLANG_WARN_UNREACHABLE_CODE = YES;
				CLANG_WARN__DUPLICATE_METHOD_MATCH = YES;
				COPY_PHASE_STRIP = NO;
				DEBUG_INFORMATION_FORMAT = "dwarf-with-dsym";
				ENABLE_NS_ASSERTIONS = NO;
				ENABLE_STRICT_OBJC_MSGSEND = YES;
				GCC_C_LANGUAGE_STANDARD = gnu11;
				GCC_NO_COMMON_BLOCKS = YES;
				GCC_WARN_64_TO_32_BIT_CONVERSION = YES;
				GCC_WARN_ABOUT_RETURN_TYPE = YES_ERROR;
				GCC_WARN_UNDECLARED_SELECTOR = YES;
				GCC_WARN_UNINITIALIZED_AUTOS = YES_AGGRESSIVE;
				GCC_WARN_UNUSED_FUNCTION = YES;
				GCC_WARN_UNUSED_VARIABLE = YES;
				IPHONEOS_DEPLOYMENT_TARGET = 13.6;
				MTL_ENABLE_DEBUG_INFO = NO;
				MTL_FAST_MATH = YES;
				SDKROOT = iphoneos;
				SWIFT_COMPILATION_MODE = wholemodule;
				SWIFT_OPTIMIZATION_LEVEL = "-O";
				VALIDATE_PRODUCT = YES;
			};
			name = Release;
		};
		382BD39124E153420032D887 /* Debug */ = {
			isa = XCBuildConfiguration;
			buildSettings = {
				ASSETCATALOG_COMPILER_APPICON_NAME = AppIcon;
				CODE_SIGN_STYLE = Automatic;
				DEVELOPMENT_TEAM = XA8SWALX42;
				INFOPLIST_FILE = Example_Test/Info.plist;
				LD_RUNPATH_SEARCH_PATHS = (
					"$(inherited)",
					"@executable_path/Frameworks",
				);
				PRODUCT_BUNDLE_IDENTIFIER = "com.man.Example-Test";
				PRODUCT_NAME = "$(TARGET_NAME)";
				SWIFT_VERSION = 5.0;
				TARGETED_DEVICE_FAMILY = "1,2";
			};
			name = Debug;
		};
		382BD39224E153420032D887 /* Release */ = {
			isa = XCBuildConfiguration;
			buildSettings = {
				ASSETCATALOG_COMPILER_APPICON_NAME = AppIcon;
				CODE_SIGN_STYLE = Automatic;
				DEVELOPMENT_TEAM = XA8SWALX42;
				INFOPLIST_FILE = Example_Test/Info.plist;
				LD_RUNPATH_SEARCH_PATHS = (
					"$(inherited)",
					"@executable_path/Frameworks",
				);
				PRODUCT_BUNDLE_IDENTIFIER = "com.man.Example-Test";
				PRODUCT_NAME = "$(TARGET_NAME)";
				SWIFT_VERSION = 5.0;
				TARGETED_DEVICE_FAMILY = "1,2";
			};
			name = Release;
		};
		382BD39E24E153D60032D887 /* Debug */ = {
			isa = XCBuildConfiguration;
			buildSettings = {
				BUNDLE_LOADER = "$(TEST_HOST)";
				CODE_SIGN_STYLE = Automatic;
				DEVELOPMENT_TEAM = XA8SWALX42;
				INFOPLIST_FILE = Example_TestTests/Info.plist;
				LD_RUNPATH_SEARCH_PATHS = (
					"$(inherited)",
					"@executable_path/Frameworks",
					"@loader_path/Frameworks",
				);
				PRODUCT_BUNDLE_IDENTIFIER = "com.man.Example-TestTests";
				PRODUCT_NAME = "$(TARGET_NAME)";
				SWIFT_VERSION = 5.0;
				TARGETED_DEVICE_FAMILY = "1,2";
				TEST_HOST = "$(BUILT_PRODUCTS_DIR)/Example_Test.app/Example_Test";
			};
			name = Debug;
		};
		382BD39F24E153D60032D887 /* Release */ = {
			isa = XCBuildConfiguration;
			buildSettings = {
				BUNDLE_LOADER = "$(TEST_HOST)";
				CODE_SIGN_STYLE = Automatic;
				DEVELOPMENT_TEAM = XA8SWALX42;
				INFOPLIST_FILE = Example_TestTests/Info.plist;
				LD_RUNPATH_SEARCH_PATHS = (
					"$(inherited)",
					"@executable_path/Frameworks",
					"@loader_path/Frameworks",
				);
				PRODUCT_BUNDLE_IDENTIFIER = "com.man.Example-TestTests";
				PRODUCT_NAME = "$(TARGET_NAME)";
				SWIFT_VERSION = 5.0;
				TARGETED_DEVICE_FAMILY = "1,2";
				TEST_HOST = "$(BUILT_PRODUCTS_DIR)/Example_Test.app/Example_Test";
			};
			name = Release;
		};
/* End XCBuildConfiguration section */

/* Begin XCConfigurationList section */
		382BD37724E153400032D887 /* Build configuration list for PBXProject "Example_Test" */ = {
			isa = XCConfigurationList;
			buildConfigurations = (
				382BD38E24E153420032D887 /* Debug */,
				382BD38F24E153420032D887 /* Release */,
			);
			defaultConfigurationIsVisible = 0;
			defaultConfigurationName = Release;
		};
		382BD39024E153420032D887 /* Build configuration list for PBXNativeTarget "Example_Test" */ = {
			isa = XCConfigurationList;
			buildConfigurations = (
				382BD39124E153420032D887 /* Debug */,
				382BD39224E153420032D887 /* Release */,
			);
			defaultConfigurationIsVisible = 0;
			defaultConfigurationName = Release;
		};
		382BD3A024E153D60032D887 /* Build configuration list for PBXNativeTarget "Example_TestTests" */ = {
			isa = XCConfigurationList;
			buildConfigurations = (
				382BD39E24E153D60032D887 /* Debug */,
				382BD39F24E153D60032D887 /* Release */,
			);
			defaultConfigurationIsVisible = 0;
			defaultConfigurationName = Release;
		};
/* End XCConfigurationList section */
	};
	rootObject = 382BD37424E153400032D887 /* Project object */;
}
